
Microsoft Visual Studio Solution File, Format Version 12.00
# Visual Studio 14
VisualStudioVersion = 14.0.25420.1
MinimumVisualStudioVersion = 10.0.40219.1
Project("{8BC9CEB8-8B4A-11D0-8D11-00A0C91BC942}") = "PRIME_T", "PRIME_T\PRIME_T.vcxproj", "{0B3CD646-CBC9-4417-99AC-50C2E1BAE893}"
EndProject
Project("{8BC9CEB8-8B4A-11D0-8D11-00A0C91BC942}") = "PRZEDSZK", "PRZEDSZK\PRZEDSZK.vcxproj", "{CE5A65DB-6F12-477B-BB9E-2A082C3C97C2}"
EndProject
Project("{8BC9CEB8-8B4A-11D0-8D11-00A0C91BC942}") = "PP0501A", "PP0501A\PP0501A.vcxproj", "{2AEDF58F-5BF6-4FFA-8772-F36958F2E682}"
EndProject
Project("{8BC9CEB8-8B4A-11D0-8D11-00A0C91BC942}") = "EUCGAME", "EUCGAME\EUCGAME.vcxproj", "{EA67EF67-F7C3-4A0A-A1DF-BCDCF6B86A7E}"
EndProject
Project("{FAE04EC0-301F-11D3-BF4B-00C04F79EFBC}") = "FR_02_06", "FR_02_06\FR_02_06.csproj", "{809D327A-D564-446C-A17C-B1F53F1B6584}"
EndProject
Project("{8BC9CEB8-8B4A-11D0-8D11-00A0C91BC942}") = "RNO_DOD", "RNO_DOD\RNO_DOD.vcxproj", "{E0D67E9E-5B5A-4F03-B76A-75BCB36644F6}"
EndProject
Project("{8BC9CEB8-8B4A-11D0-8D11-00A0C91BC942}") = "TABLICA", "TABLICA\TABLICA.vcxproj", "{EF8CF672-1DCD-4914-BD29-C681F3A0D605}"
EndProject
Project("{FAE04EC0-301F-11D3-BF4B-00C04F79EFBC}") = "BFN1", "BFN1\BFN1.csproj", "{4CD320A6-2384-479E-A700-06B3A950DCB6}"
EndProject
Project("{FAE04EC0-301F-11D3-BF4B-00C04F79EFBC}") = "FCTRL3", "FCTRL3\FCTRL3.csproj", "{4E9A6CA9-7589-4A6E-A031-D96A0119EE81}"
EndProject
Project("{FAE04EC0-301F-11D3-BF4B-00C04F79EFBC}") = "PA05_POT", "PA05_POT\PA05_POT.csproj", "{0171A086-E5C3-4CD8-A937-7D45CD079648}"
EndProject
Project("{FAE04EC0-301F-11D3-BF4B-00C04F79EFBC}") = "FLAMASTE", "FLAMASTE\FLAMASTE.csproj", "{7D2B846A-C014-472D-8155-E32C0DE5C88F}"
EndProject
Project("{FAE04EC0-301F-11D3-BF4B-00C04F79EFBC}") = "PP0502B", "PP0502B\PP0502B.csproj", "{5EBF0DBF-66AF-49E8-88F5-42A5E546479D}"
EndProject
Project("{FAE04EC0-301F-11D3-BF4B-00C04F79EFBC}") = "ETI06F1", "ETI06F1\ETI06F1.csproj", "{2C5B2064-672E-4202-BFC4-EBF7E2D3A8EA}"
EndProject
Project("{FAE04EC0-301F-11D3-BF4B-00C04F79EFBC}") = "PP0504B", "PP0504B\PP0504B.csproj", "{D2342BE6-00E5-414C-937D-14B6B728C2AB}"
EndProject
Project("{FAE04EC0-301F-11D3-BF4B-00C04F79EFBC}") = "PP0504D", "PP0504D\PP0504D.csproj", "{A8366A93-FD7B-48E9-8873-C3472BF296B6}"
EndProject
Project("{FAE04EC0-301F-11D3-BF4B-00C04F79EFBC}") = "GLUTTON", "GLUTTON\GLUTTON.csproj", "{07C81664-2856-4380-A58D-BC8A144FA10F}"
EndProject
Project("{FAE04EC0-301F-11D3-BF4B-00C04F79EFBC}") = "PP0506A", "PP0506A\PP0506A.csproj", "{028C08B5-C329-484A-9F77-A290A091E5C6}"
EndProject
Project("{2150E333-8FDC-42A3-9474-1A3956D46DE8}") = "easy", "easy", "{D3B7B077-934C-4005-979D-5380588CC6AF}"
EndProject
Project("{2150E333-8FDC-42A3-9474-1A3956D46DE8}") = "medium", "medium", "{7C26885B-FFFD-48CD-9BF0-A96BDC8CFBB3}"
EndProject
Project("{2150E333-8FDC-42A3-9474-1A3956D46DE8}") = "hard", "hard", "{9E6FC653-39E1-4F5C-9908-5CE73B2C6CBD}"
EndProject
Project("{FAE04EC0-301F-11D3-BF4B-00C04F79EFBC}") = "SKARBFI", "SKARBFI\SKARBFI.csproj", "{9220766F-2318-4849-85A3-2FF2E0FA391E}"
EndProject
Project("{FAE04EC0-301F-11D3-BF4B-00C04F79EFBC}") = "PTCLTZ", "PTCLTZ\PTCLTZ.csproj", "{8BFA4FBA-A0BC-476E-BE92-FFB8CBED98EE}"
EndProject
Project("{FAE04EC0-301F-11D3-BF4B-00C04F79EFBC}") = "PTROL", "PTROL\PTROL.csproj", "{05216FDD-8539-4425-9C73-627EF0AD209D}"
EndProject
Project("{FAE04EC0-301F-11D3-BF4B-00C04F79EFBC}") = "PTEST", "PTEST\PTEST.csproj", "{CD90CC8D-0D82-4385-A3C3-BC6C1855AA41}"
EndProject
Project("{8BC9CEB8-8B4A-11D0-8D11-00A0C91BC942}") = "FANGEN", "FANGEN\FANGEN.vcxproj", "{2628479C-98A3-4ED2-8D67-703BF5821D30}"
EndProject
Project("{FAE04EC0-301F-11D3-BF4B-00C04F79EFBC}") = "BINOMS", "BINOMS\BINOMS.csproj", "{860A72DF-1D88-4494-9883-ED7979C51A39}"
EndProject
Project("{FAE04EC0-301F-11D3-BF4B-00C04F79EFBC}") = "SUMA", "SUMA\SUMA.csproj", "{5947FB55-7D2A-445A-9962-88AAEAB74BDB}"
EndProject
Project("{FAE04EC0-301F-11D3-BF4B-00C04F79EFBC}") = "ROWNANIE", "ROWNANIE\ROWNANIE.csproj", "{706B5D46-DE5E-403F-9450-3245C1A597FE}"
EndProject
Project("{FAE04EC0-301F-11D3-BF4B-00C04F79EFBC}") = "STOS", "STOS\STOS.csproj", "{A457198B-5428-4F8D-842D-F6B0D2275EC5}"
EndProject
Project("{FAE04EC0-301F-11D3-BF4B-00C04F79EFBC}") = "CALC", "CALC\CALC.csproj", "{DF0F94F2-8EBA-4E05-84C2-DBFC472DACB6}"
EndProject
Project("{FAE04EC0-301F-11D3-BF4B-00C04F79EFBC}") = "CALC2", "CALC2\CALC2.csproj", "{D4D767C8-739A-408A-9897-09935F0981B4}"
EndProject
Project("{FAE04EC0-301F-11D3-BF4B-00C04F79EFBC}") = "POL", "POL\POL.csproj", "{5702E9E5-CD03-461C-AE85-4022CA45F602}"
EndProject
Project("{FAE04EC0-301F-11D3-BF4B-00C04F79EFBC}") = "VSR", "VSR\VSR.csproj", "{2F880F36-9D09-4F65-AE1D-082CA112EDE5}"
EndProject
Project("{FAE04EC0-301F-11D3-BF4B-00C04F79EFBC}") = "SYS", "SYS\SYS.csproj", "{4D715448-13E4-44BD-86C0-78581BB0D9B4}"
EndProject
Project("{FAE04EC0-301F-11D3-BF4B-00C04F79EFBC}") = "PP0601B", "PP0601B\PP0601B.csproj", "{2F2E1726-E7A9-45AA-9CBB-7D4DBE89D636}"
EndProject
Project("{FAE04EC0-301F-11D3-BF4B-00C04F79EFBC}") = "PP0601A2", "PP0601A2\PP0601A2.csproj", "{682527BE-8E30-461B-B56B-91900F9E5040}"
EndProject
Project("{FAE04EC0-301F-11D3-BF4B-00C04F79EFBC}") = "TRN", "TRN\TRN.csproj", "{C91CE339-E55A-4122-809B-BBA38658A48C}"
EndProject
Project("{FAE04EC0-301F-11D3-BF4B-00C04F79EFBC}") = "PP0602A", "PP0602A\PP0602A.csproj", "{E3A0841B-FAE9-412D-A732-3EB8D3DF7AE4}"
EndProject
Project("{FAE04EC0-301F-11D3-BF4B-00C04F79EFBC}") = "PP0602B", "PP0602B\PP0602B.csproj", "{563A080E-B11D-4865-A1B6-910BD539BE34}"
EndProject
Project("{FAE04EC0-301F-11D3-BF4B-00C04F79EFBC}") = "PP0604A", "PP0604A\PP0604A.csproj", "{01276C2A-7BCD-4770-9C69-B8282937ABA1}"
EndProject
Project("{FAE04EC0-301F-11D3-BF4B-00C04F79EFBC}") = "MWPZ06X", "MWPZ06X\MWPZ06X.csproj", "{6BB07199-9B1B-460F-9B38-84EBCE8A82CB}"
EndProject
Project("{FAE04EC0-301F-11D3-BF4B-00C04F79EFBC}") = "MWPZ06A", "MWPZ06A\MWPZ06A.csproj", "{2B337BA6-A63D-4381-B61E-07910813FCC2}"
EndProject
Project("{FAE04EC0-301F-11D3-BF4B-00C04F79EFBC}") = "MWPZ06D", "MWPZ06D\MWPZ06D.csproj", "{7101C7AB-A908-4356-AD2E-ED01014A89BC}"
EndProject
Project("{FAE04EC0-301F-11D3-BF4B-00C04F79EFBC}") = "MWPZ06H", "MWPZ06H\MWPZ06H.csproj", "{08BDACD7-3B7A-4BC7-A54F-5A1516F8F48C}"
EndProject
Project("{8BC9CEB8-8B4A-11D0-8D11-00A0C91BC942}") = "NIEKOLEJ", "NIEKOLEJ\NIEKOLEJ.vcxproj", "{818AEF18-0F51-44CC-A6FD-5594893B2563}"
EndProject
Project("{FAE04EC0-301F-11D3-BF4B-00C04F79EFBC}") = "JROWLIN", "JROWLIN\JROWLIN.csproj", "{988D70D8-39E4-4BFA-8B74-871D5659405A}"
EndProject
Project("{FAE04EC0-301F-11D3-BF4B-00C04F79EFBC}") = "JWSPLIN", "JWSPLIN\JWSPLIN.csproj", "{AA66D3C9-A84A-4244-87ED-7A0ABE3CFC35}"
EndProject
Project("{FAE04EC0-301F-11D3-BF4B-00C04F79EFBC}") = "JZLICZ", "JZLICZ\JZLICZ.csproj", "{D180936B-F36C-49EF-98FF-B9A602B925C6}"
EndProject
Project("{FAE04EC0-301F-11D3-BF4B-00C04F79EFBC}") = "JPESEL", "JPESEL\JPESEL.csproj", "{EFD342BC-1C6A-4690-B027-179D54CD7AF4}"
EndProject
Project("{FAE04EC0-301F-11D3-BF4B-00C04F79EFBC}") = "PP0602D", "PP0602D\PP0602D.csproj", "{ECE2AD1E-11B0-4B22-93A5-1C89536647D4}"
EndProject
Project("{FAE04EC0-301F-11D3-BF4B-00C04F79EFBC}") = "JSPACE", "JSPACE\JSPACE.csproj", "{AB97B3F6-E682-4685-9110-57C2DC52BCB8}"
EndProject
Project("{FAE04EC0-301F-11D3-BF4B-00C04F79EFBC}") = "JHTMLLET", "JHTMLLET\JHTMLLET.csproj", "{25D1C134-BC58-4BD4-B502-224704556836}"
EndProject
Project("{8BC9CEB8-8B4A-11D0-8D11-00A0C91BC942}") = "FZI_STEF", "FZI_STEF\FZI_STEF.vcxproj", "{1B5D66E5-21A5-4A3A-AC45-55B4CAE9BA6B}"
EndProject
Project("{FAE04EC0-301F-11D3-BF4B-00C04F79EFBC}") = "FR_04_02", "FR_04_02\FR_04_02.csproj", "{08D5F23E-D918-4315-863A-6D876E73ADDB}"
EndProject
Project("{FAE04EC0-301F-11D3-BF4B-00C04F79EFBC}") = "FR_04_05", "FR_04_05\FR_04_05.csproj", "{C62E7A9B-5F5E-4602-B372-02BB4F97E95E}"
EndProject
Project("{FAE04EC0-301F-11D3-BF4B-00C04F79EFBC}") = "FR_04_08", "FR_04_08\FR_04_08.csproj", "{BCD3F3FD-410C-4966-B011-5B38511D88F5}"
EndProject
Project("{FAE04EC0-301F-11D3-BF4B-00C04F79EFBC}") = "LENLCS", "LENLCS\LENLCS.csproj", "{0F7F3326-F811-4735-A7B0-0DD840A0A9F7}"
EndProject
Project("{FAE04EC0-301F-11D3-BF4B-00C04F79EFBC}") = "JSZYCER", "JSZYCER\JSZYCER.csproj", "{D7AB88DE-843B-453D-A417-CACEAC10230C}"
EndProject
Project("{FAE04EC0-301F-11D3-BF4B-00C04F79EFBC}") = "JLITOSL", "JLITOSL\JLITOSL.csproj", "{B0BF5B6D-4AD0-4B46-A7CF-A44448AA6616}"
EndProject
Project("{8BC9CEB8-8B4A-11D0-8D11-00A0C91BC942}") = "POTSAM", "POTSAM\POTSAM.vcxproj", "{F076E85C-BE33-4CCD-A609-3C925069E679}"
EndProject
Project("{FAE04EC0-301F-11D3-BF4B-00C04F79EFBC}") = "WSEGA", "WSEGA\WSEGA.csproj", "{1FED93FF-63AD-4F3E-BDAF-F55BE68D50BC}"
EndProject
Project("{8BC9CEB8-8B4A-11D0-8D11-00A0C91BC942}") = "KC001", "KC001\KC001.vcxproj", "{B5EE710A-425C-42DB-8500-F1D81A4096A7}"
EndProject
Project("{FAE04EC0-301F-11D3-BF4B-00C04F79EFBC}") = "KC003", "KC003\KC003.csproj", "{597F27A6-4FA4-4EE7-85EB-A013B6F3CC3C}"
EndProject
Project("{FAE04EC0-301F-11D3-BF4B-00C04F79EFBC}") = "KC004", "KC004\KC004.csproj", "{1FF5BB8D-375A-41D8-8E24-EED95C391D31}"
EndProject
Project("{FAE04EC0-301F-11D3-BF4B-00C04F79EFBC}") = "KC005", "KC005\KC005.csproj", "{88369225-9A84-46A6-B544-4CC2E627CC99}"
EndProject
Project("{FAE04EC0-301F-11D3-BF4B-00C04F79EFBC}") = "CHAOS", "CHAOS\CHAOS.csproj", "{90139834-CDB3-467C-92C2-3DC3CC11A280}"
EndProject
Project("{FAE04EC0-301F-11D3-BF4B-00C04F79EFBC}") = "OSTBR", "OSTBR\OSTBR.csproj", "{10C1951C-F506-404D-92B2-0A724DA7150C}"
EndProject
Project("{FAE04EC0-301F-11D3-BF4B-00C04F79EFBC}") = "KC008", "KC008\KC008.csproj", "{445E88FB-8779-43E0-8114-7C221155FC8B}"
EndProject
Project("{FAE04EC0-301F-11D3-BF4B-00C04F79EFBC}") = "KC009", "KC009\KC009.csproj", "{5D412F64-F39B-4870-AB37-AF80DA28BC3C}"
EndProject
Global
	GlobalSection(SolutionConfigurationPlatforms) = preSolution
		Debug|Any CPU = Debug|Any CPU
		Debug|x64 = Debug|x64
		Debug|x86 = Debug|x86
		Release|Any CPU = Release|Any CPU
		Release|x64 = Release|x64
		Release|x86 = Release|x86
	EndGlobalSection
	GlobalSection(ProjectConfigurationPlatforms) = postSolution
		{0B3CD646-CBC9-4417-99AC-50C2E1BAE893}.Debug|Any CPU.ActiveCfg = Debug|Win32
		{0B3CD646-CBC9-4417-99AC-50C2E1BAE893}.Debug|x64.ActiveCfg = Debug|x64
		{0B3CD646-CBC9-4417-99AC-50C2E1BAE893}.Debug|x64.Build.0 = Debug|x64
		{0B3CD646-CBC9-4417-99AC-50C2E1BAE893}.Debug|x86.ActiveCfg = Debug|Win32
		{0B3CD646-CBC9-4417-99AC-50C2E1BAE893}.Debug|x86.Build.0 = Debug|Win32
		{0B3CD646-CBC9-4417-99AC-50C2E1BAE893}.Release|Any CPU.ActiveCfg = Release|Win32
		{0B3CD646-CBC9-4417-99AC-50C2E1BAE893}.Release|x64.ActiveCfg = Release|x64
		{0B3CD646-CBC9-4417-99AC-50C2E1BAE893}.Release|x64.Build.0 = Release|x64
		{0B3CD646-CBC9-4417-99AC-50C2E1BAE893}.Release|x86.ActiveCfg = Release|Win32
		{0B3CD646-CBC9-4417-99AC-50C2E1BAE893}.Release|x86.Build.0 = Release|Win32
		{CE5A65DB-6F12-477B-BB9E-2A082C3C97C2}.Debug|Any CPU.ActiveCfg = Debug|Win32
		{CE5A65DB-6F12-477B-BB9E-2A082C3C97C2}.Debug|x64.ActiveCfg = Debug|x64
		{CE5A65DB-6F12-477B-BB9E-2A082C3C97C2}.Debug|x64.Build.0 = Debug|x64
		{CE5A65DB-6F12-477B-BB9E-2A082C3C97C2}.Debug|x86.ActiveCfg = Debug|Win32
		{CE5A65DB-6F12-477B-BB9E-2A082C3C97C2}.Debug|x86.Build.0 = Debug|Win32
		{CE5A65DB-6F12-477B-BB9E-2A082C3C97C2}.Release|Any CPU.ActiveCfg = Release|Win32
		{CE5A65DB-6F12-477B-BB9E-2A082C3C97C2}.Release|x64.ActiveCfg = Release|x64
		{CE5A65DB-6F12-477B-BB9E-2A082C3C97C2}.Release|x64.Build.0 = Release|x64
		{CE5A65DB-6F12-477B-BB9E-2A082C3C97C2}.Release|x86.ActiveCfg = Release|Win32
		{CE5A65DB-6F12-477B-BB9E-2A082C3C97C2}.Release|x86.Build.0 = Release|Win32
		{2AEDF58F-5BF6-4FFA-8772-F36958F2E682}.Debug|Any CPU.ActiveCfg = Debug|Win32
		{2AEDF58F-5BF6-4FFA-8772-F36958F2E682}.Debug|x64.ActiveCfg = Debug|x64
		{2AEDF58F-5BF6-4FFA-8772-F36958F2E682}.Debug|x64.Build.0 = Debug|x64
		{2AEDF58F-5BF6-4FFA-8772-F36958F2E682}.Debug|x86.ActiveCfg = Debug|Win32
		{2AEDF58F-5BF6-4FFA-8772-F36958F2E682}.Debug|x86.Build.0 = Debug|Win32
		{2AEDF58F-5BF6-4FFA-8772-F36958F2E682}.Release|Any CPU.ActiveCfg = Release|Win32
		{2AEDF58F-5BF6-4FFA-8772-F36958F2E682}.Release|x64.ActiveCfg = Release|x64
		{2AEDF58F-5BF6-4FFA-8772-F36958F2E682}.Release|x64.Build.0 = Release|x64
		{2AEDF58F-5BF6-4FFA-8772-F36958F2E682}.Release|x86.ActiveCfg = Release|Win32
		{2AEDF58F-5BF6-4FFA-8772-F36958F2E682}.Release|x86.Build.0 = Release|Win32
		{EA67EF67-F7C3-4A0A-A1DF-BCDCF6B86A7E}.Debug|Any CPU.ActiveCfg = Debug|Win32
		{EA67EF67-F7C3-4A0A-A1DF-BCDCF6B86A7E}.Debug|x64.ActiveCfg = Debug|x64
		{EA67EF67-F7C3-4A0A-A1DF-BCDCF6B86A7E}.Debug|x64.Build.0 = Debug|x64
		{EA67EF67-F7C3-4A0A-A1DF-BCDCF6B86A7E}.Debug|x86.ActiveCfg = Debug|Win32
		{EA67EF67-F7C3-4A0A-A1DF-BCDCF6B86A7E}.Debug|x86.Build.0 = Debug|Win32
		{EA67EF67-F7C3-4A0A-A1DF-BCDCF6B86A7E}.Release|Any CPU.ActiveCfg = Release|Win32
		{EA67EF67-F7C3-4A0A-A1DF-BCDCF6B86A7E}.Release|x64.ActiveCfg = Release|x64
		{EA67EF67-F7C3-4A0A-A1DF-BCDCF6B86A7E}.Release|x64.Build.0 = Release|x64
		{EA67EF67-F7C3-4A0A-A1DF-BCDCF6B86A7E}.Release|x86.ActiveCfg = Release|Win32
		{EA67EF67-F7C3-4A0A-A1DF-BCDCF6B86A7E}.Release|x86.Build.0 = Release|Win32
		{809D327A-D564-446C-A17C-B1F53F1B6584}.Debug|Any CPU.ActiveCfg = Debug|Any CPU
		{809D327A-D564-446C-A17C-B1F53F1B6584}.Debug|Any CPU.Build.0 = Debug|Any CPU
		{809D327A-D564-446C-A17C-B1F53F1B6584}.Debug|x64.ActiveCfg = Debug|Any CPU
		{809D327A-D564-446C-A17C-B1F53F1B6584}.Debug|x64.Build.0 = Debug|Any CPU
		{809D327A-D564-446C-A17C-B1F53F1B6584}.Debug|x86.ActiveCfg = Debug|Any CPU
		{809D327A-D564-446C-A17C-B1F53F1B6584}.Debug|x86.Build.0 = Debug|Any CPU
		{809D327A-D564-446C-A17C-B1F53F1B6584}.Release|Any CPU.ActiveCfg = Release|Any CPU
		{809D327A-D564-446C-A17C-B1F53F1B6584}.Release|Any CPU.Build.0 = Release|Any CPU
		{809D327A-D564-446C-A17C-B1F53F1B6584}.Release|x64.ActiveCfg = Release|Any CPU
		{809D327A-D564-446C-A17C-B1F53F1B6584}.Release|x64.Build.0 = Release|Any CPU
		{809D327A-D564-446C-A17C-B1F53F1B6584}.Release|x86.ActiveCfg = Release|Any CPU
		{809D327A-D564-446C-A17C-B1F53F1B6584}.Release|x86.Build.0 = Release|Any CPU
		{E0D67E9E-5B5A-4F03-B76A-75BCB36644F6}.Debug|Any CPU.ActiveCfg = Debug|Win32
		{E0D67E9E-5B5A-4F03-B76A-75BCB36644F6}.Debug|x64.ActiveCfg = Debug|Win32
		{E0D67E9E-5B5A-4F03-B76A-75BCB36644F6}.Debug|x86.ActiveCfg = Debug|Win32
		{E0D67E9E-5B5A-4F03-B76A-75BCB36644F6}.Debug|x86.Build.0 = Debug|Win32
		{E0D67E9E-5B5A-4F03-B76A-75BCB36644F6}.Release|Any CPU.ActiveCfg = Release|Win32
		{E0D67E9E-5B5A-4F03-B76A-75BCB36644F6}.Release|x64.ActiveCfg = Release|Win32
		{E0D67E9E-5B5A-4F03-B76A-75BCB36644F6}.Release|x86.ActiveCfg = Release|Win32
		{E0D67E9E-5B5A-4F03-B76A-75BCB36644F6}.Release|x86.Build.0 = Release|Win32
		{EF8CF672-1DCD-4914-BD29-C681F3A0D605}.Debug|Any CPU.ActiveCfg = Debug|Win32
		{EF8CF672-1DCD-4914-BD29-C681F3A0D605}.Debug|x64.ActiveCfg = Debug|Win32
		{EF8CF672-1DCD-4914-BD29-C681F3A0D605}.Debug|x86.ActiveCfg = Debug|Win32
		{EF8CF672-1DCD-4914-BD29-C681F3A0D605}.Debug|x86.Build.0 = Debug|Win32
		{EF8CF672-1DCD-4914-BD29-C681F3A0D605}.Release|Any CPU.ActiveCfg = Release|Win32
		{EF8CF672-1DCD-4914-BD29-C681F3A0D605}.Release|x64.ActiveCfg = Release|Win32
		{EF8CF672-1DCD-4914-BD29-C681F3A0D605}.Release|x86.ActiveCfg = Release|Win32
		{EF8CF672-1DCD-4914-BD29-C681F3A0D605}.Release|x86.Build.0 = Release|Win32
		{4CD320A6-2384-479E-A700-06B3A950DCB6}.Debug|Any CPU.ActiveCfg = Debug|Any CPU
		{4CD320A6-2384-479E-A700-06B3A950DCB6}.Debug|Any CPU.Build.0 = Debug|Any CPU
		{4CD320A6-2384-479E-A700-06B3A950DCB6}.Debug|x64.ActiveCfg = Debug|Any CPU
		{4CD320A6-2384-479E-A700-06B3A950DCB6}.Debug|x64.Build.0 = Debug|Any CPU
		{4CD320A6-2384-479E-A700-06B3A950DCB6}.Debug|x86.ActiveCfg = Debug|Any CPU
		{4CD320A6-2384-479E-A700-06B3A950DCB6}.Debug|x86.Build.0 = Debug|Any CPU
		{4CD320A6-2384-479E-A700-06B3A950DCB6}.Release|Any CPU.ActiveCfg = Release|Any CPU
		{4CD320A6-2384-479E-A700-06B3A950DCB6}.Release|Any CPU.Build.0 = Release|Any CPU
		{4CD320A6-2384-479E-A700-06B3A950DCB6}.Release|x64.ActiveCfg = Release|Any CPU
		{4CD320A6-2384-479E-A700-06B3A950DCB6}.Release|x64.Build.0 = Release|Any CPU
		{4CD320A6-2384-479E-A700-06B3A950DCB6}.Release|x86.ActiveCfg = Release|Any CPU
		{4CD320A6-2384-479E-A700-06B3A950DCB6}.Release|x86.Build.0 = Release|Any CPU
		{4E9A6CA9-7589-4A6E-A031-D96A0119EE81}.Debug|Any CPU.ActiveCfg = Debug|Any CPU
		{4E9A6CA9-7589-4A6E-A031-D96A0119EE81}.Debug|Any CPU.Build.0 = Debug|Any CPU
		{4E9A6CA9-7589-4A6E-A031-D96A0119EE81}.Debug|x64.ActiveCfg = Debug|Any CPU
		{4E9A6CA9-7589-4A6E-A031-D96A0119EE81}.Debug|x64.Build.0 = Debug|Any CPU
		{4E9A6CA9-7589-4A6E-A031-D96A0119EE81}.Debug|x86.ActiveCfg = Debug|Any CPU
		{4E9A6CA9-7589-4A6E-A031-D96A0119EE81}.Debug|x86.Build.0 = Debug|Any CPU
		{4E9A6CA9-7589-4A6E-A031-D96A0119EE81}.Release|Any CPU.ActiveCfg = Release|Any CPU
		{4E9A6CA9-7589-4A6E-A031-D96A0119EE81}.Release|Any CPU.Build.0 = Release|Any CPU
		{4E9A6CA9-7589-4A6E-A031-D96A0119EE81}.Release|x64.ActiveCfg = Release|Any CPU
		{4E9A6CA9-7589-4A6E-A031-D96A0119EE81}.Release|x64.Build.0 = Release|Any CPU
		{4E9A6CA9-7589-4A6E-A031-D96A0119EE81}.Release|x86.ActiveCfg = Release|Any CPU
		{4E9A6CA9-7589-4A6E-A031-D96A0119EE81}.Release|x86.Build.0 = Release|Any CPU
		{0171A086-E5C3-4CD8-A937-7D45CD079648}.Debug|Any CPU.ActiveCfg = Debug|Any CPU
		{0171A086-E5C3-4CD8-A937-7D45CD079648}.Debug|Any CPU.Build.0 = Debug|Any CPU
		{0171A086-E5C3-4CD8-A937-7D45CD079648}.Debug|x64.ActiveCfg = Debug|Any CPU
		{0171A086-E5C3-4CD8-A937-7D45CD079648}.Debug|x64.Build.0 = Debug|Any CPU
		{0171A086-E5C3-4CD8-A937-7D45CD079648}.Debug|x86.ActiveCfg = Debug|Any CPU
		{0171A086-E5C3-4CD8-A937-7D45CD079648}.Debug|x86.Build.0 = Debug|Any CPU
		{0171A086-E5C3-4CD8-A937-7D45CD079648}.Release|Any CPU.ActiveCfg = Release|Any CPU
		{0171A086-E5C3-4CD8-A937-7D45CD079648}.Release|Any CPU.Build.0 = Release|Any CPU
		{0171A086-E5C3-4CD8-A937-7D45CD079648}.Release|x64.ActiveCfg = Release|Any CPU
		{0171A086-E5C3-4CD8-A937-7D45CD079648}.Release|x64.Build.0 = Release|Any CPU
		{0171A086-E5C3-4CD8-A937-7D45CD079648}.Release|x86.ActiveCfg = Release|Any CPU
		{0171A086-E5C3-4CD8-A937-7D45CD079648}.Release|x86.Build.0 = Release|Any CPU
		{7D2B846A-C014-472D-8155-E32C0DE5C88F}.Debug|Any CPU.ActiveCfg = Debug|Any CPU
		{7D2B846A-C014-472D-8155-E32C0DE5C88F}.Debug|Any CPU.Build.0 = Debug|Any CPU
		{7D2B846A-C014-472D-8155-E32C0DE5C88F}.Debug|x64.ActiveCfg = Debug|Any CPU
		{7D2B846A-C014-472D-8155-E32C0DE5C88F}.Debug|x64.Build.0 = Debug|Any CPU
		{7D2B846A-C014-472D-8155-E32C0DE5C88F}.Debug|x86.ActiveCfg = Debug|Any CPU
		{7D2B846A-C014-472D-8155-E32C0DE5C88F}.Debug|x86.Build.0 = Debug|Any CPU
		{7D2B846A-C014-472D-8155-E32C0DE5C88F}.Release|Any CPU.ActiveCfg = Release|Any CPU
		{7D2B846A-C014-472D-8155-E32C0DE5C88F}.Release|Any CPU.Build.0 = Release|Any CPU
		{7D2B846A-C014-472D-8155-E32C0DE5C88F}.Release|x64.ActiveCfg = Release|Any CPU
		{7D2B846A-C014-472D-8155-E32C0DE5C88F}.Release|x64.Build.0 = Release|Any CPU
		{7D2B846A-C014-472D-8155-E32C0DE5C88F}.Release|x86.ActiveCfg = Release|Any CPU
		{7D2B846A-C014-472D-8155-E32C0DE5C88F}.Release|x86.Build.0 = Release|Any CPU
		{5EBF0DBF-66AF-49E8-88F5-42A5E546479D}.Debug|Any CPU.ActiveCfg = Debug|Any CPU
		{5EBF0DBF-66AF-49E8-88F5-42A5E546479D}.Debug|Any CPU.Build.0 = Debug|Any CPU
		{5EBF0DBF-66AF-49E8-88F5-42A5E546479D}.Debug|x64.ActiveCfg = Debug|Any CPU
		{5EBF0DBF-66AF-49E8-88F5-42A5E546479D}.Debug|x64.Build.0 = Debug|Any CPU
		{5EBF0DBF-66AF-49E8-88F5-42A5E546479D}.Debug|x86.ActiveCfg = Debug|Any CPU
		{5EBF0DBF-66AF-49E8-88F5-42A5E546479D}.Debug|x86.Build.0 = Debug|Any CPU
		{5EBF0DBF-66AF-49E8-88F5-42A5E546479D}.Release|Any CPU.ActiveCfg = Release|Any CPU
		{5EBF0DBF-66AF-49E8-88F5-42A5E546479D}.Release|Any CPU.Build.0 = Release|Any CPU
		{5EBF0DBF-66AF-49E8-88F5-42A5E546479D}.Release|x64.ActiveCfg = Release|Any CPU
		{5EBF0DBF-66AF-49E8-88F5-42A5E546479D}.Release|x64.Build.0 = Release|Any CPU
		{5EBF0DBF-66AF-49E8-88F5-42A5E546479D}.Release|x86.ActiveCfg = Release|Any CPU
		{5EBF0DBF-66AF-49E8-88F5-42A5E546479D}.Release|x86.Build.0 = Release|Any CPU
		{2C5B2064-672E-4202-BFC4-EBF7E2D3A8EA}.Debug|Any CPU.ActiveCfg = Debug|Any CPU
		{2C5B2064-672E-4202-BFC4-EBF7E2D3A8EA}.Debug|Any CPU.Build.0 = Debug|Any CPU
		{2C5B2064-672E-4202-BFC4-EBF7E2D3A8EA}.Debug|x64.ActiveCfg = Debug|Any CPU
		{2C5B2064-672E-4202-BFC4-EBF7E2D3A8EA}.Debug|x64.Build.0 = Debug|Any CPU
		{2C5B2064-672E-4202-BFC4-EBF7E2D3A8EA}.Debug|x86.ActiveCfg = Debug|Any CPU
		{2C5B2064-672E-4202-BFC4-EBF7E2D3A8EA}.Debug|x86.Build.0 = Debug|Any CPU
		{2C5B2064-672E-4202-BFC4-EBF7E2D3A8EA}.Release|Any CPU.ActiveCfg = Release|Any CPU
		{2C5B2064-672E-4202-BFC4-EBF7E2D3A8EA}.Release|Any CPU.Build.0 = Release|Any CPU
		{2C5B2064-672E-4202-BFC4-EBF7E2D3A8EA}.Release|x64.ActiveCfg = Release|Any CPU
		{2C5B2064-672E-4202-BFC4-EBF7E2D3A8EA}.Release|x64.Build.0 = Release|Any CPU
		{2C5B2064-672E-4202-BFC4-EBF7E2D3A8EA}.Release|x86.ActiveCfg = Release|Any CPU
		{2C5B2064-672E-4202-BFC4-EBF7E2D3A8EA}.Release|x86.Build.0 = Release|Any CPU
		{D2342BE6-00E5-414C-937D-14B6B728C2AB}.Debug|Any CPU.ActiveCfg = Debug|Any CPU
		{D2342BE6-00E5-414C-937D-14B6B728C2AB}.Debug|Any CPU.Build.0 = Debug|Any CPU
		{D2342BE6-00E5-414C-937D-14B6B728C2AB}.Debug|x64.ActiveCfg = Debug|Any CPU
		{D2342BE6-00E5-414C-937D-14B6B728C2AB}.Debug|x64.Build.0 = Debug|Any CPU
		{D2342BE6-00E5-414C-937D-14B6B728C2AB}.Debug|x86.ActiveCfg = Debug|Any CPU
		{D2342BE6-00E5-414C-937D-14B6B728C2AB}.Debug|x86.Build.0 = Debug|Any CPU
		{D2342BE6-00E5-414C-937D-14B6B728C2AB}.Release|Any CPU.ActiveCfg = Release|Any CPU
		{D2342BE6-00E5-414C-937D-14B6B728C2AB}.Release|Any CPU.Build.0 = Release|Any CPU
		{D2342BE6-00E5-414C-937D-14B6B728C2AB}.Release|x64.ActiveCfg = Release|Any CPU
		{D2342BE6-00E5-414C-937D-14B6B728C2AB}.Release|x64.Build.0 = Release|Any CPU
		{D2342BE6-00E5-414C-937D-14B6B728C2AB}.Release|x86.ActiveCfg = Release|Any CPU
		{D2342BE6-00E5-414C-937D-14B6B728C2AB}.Release|x86.Build.0 = Release|Any CPU
		{A8366A93-FD7B-48E9-8873-C3472BF296B6}.Debug|Any CPU.ActiveCfg = Debug|Any CPU
		{A8366A93-FD7B-48E9-8873-C3472BF296B6}.Debug|Any CPU.Build.0 = Debug|Any CPU
		{A8366A93-FD7B-48E9-8873-C3472BF296B6}.Debug|x64.ActiveCfg = Debug|Any CPU
		{A8366A93-FD7B-48E9-8873-C3472BF296B6}.Debug|x64.Build.0 = Debug|Any CPU
		{A8366A93-FD7B-48E9-8873-C3472BF296B6}.Debug|x86.ActiveCfg = Debug|Any CPU
		{A8366A93-FD7B-48E9-8873-C3472BF296B6}.Debug|x86.Build.0 = Debug|Any CPU
		{A8366A93-FD7B-48E9-8873-C3472BF296B6}.Release|Any CPU.ActiveCfg = Release|Any CPU
		{A8366A93-FD7B-48E9-8873-C3472BF296B6}.Release|Any CPU.Build.0 = Release|Any CPU
		{A8366A93-FD7B-48E9-8873-C3472BF296B6}.Release|x64.ActiveCfg = Release|Any CPU
		{A8366A93-FD7B-48E9-8873-C3472BF296B6}.Release|x64.Build.0 = Release|Any CPU
		{A8366A93-FD7B-48E9-8873-C3472BF296B6}.Release|x86.ActiveCfg = Release|Any CPU
		{A8366A93-FD7B-48E9-8873-C3472BF296B6}.Release|x86.Build.0 = Release|Any CPU
		{07C81664-2856-4380-A58D-BC8A144FA10F}.Debug|Any CPU.ActiveCfg = Debug|Any CPU
		{07C81664-2856-4380-A58D-BC8A144FA10F}.Debug|Any CPU.Build.0 = Debug|Any CPU
		{07C81664-2856-4380-A58D-BC8A144FA10F}.Debug|x64.ActiveCfg = Debug|Any CPU
		{07C81664-2856-4380-A58D-BC8A144FA10F}.Debug|x64.Build.0 = Debug|Any CPU
		{07C81664-2856-4380-A58D-BC8A144FA10F}.Debug|x86.ActiveCfg = Debug|Any CPU
		{07C81664-2856-4380-A58D-BC8A144FA10F}.Debug|x86.Build.0 = Debug|Any CPU
		{07C81664-2856-4380-A58D-BC8A144FA10F}.Release|Any CPU.ActiveCfg = Release|Any CPU
		{07C81664-2856-4380-A58D-BC8A144FA10F}.Release|Any CPU.Build.0 = Release|Any CPU
		{07C81664-2856-4380-A58D-BC8A144FA10F}.Release|x64.ActiveCfg = Release|Any CPU
		{07C81664-2856-4380-A58D-BC8A144FA10F}.Release|x64.Build.0 = Release|Any CPU
		{07C81664-2856-4380-A58D-BC8A144FA10F}.Release|x86.ActiveCfg = Release|Any CPU
		{07C81664-2856-4380-A58D-BC8A144FA10F}.Release|x86.Build.0 = Release|Any CPU
		{028C08B5-C329-484A-9F77-A290A091E5C6}.Debug|Any CPU.ActiveCfg = Debug|Any CPU
		{028C08B5-C329-484A-9F77-A290A091E5C6}.Debug|Any CPU.Build.0 = Debug|Any CPU
		{028C08B5-C329-484A-9F77-A290A091E5C6}.Debug|x64.ActiveCfg = Debug|Any CPU
		{028C08B5-C329-484A-9F77-A290A091E5C6}.Debug|x64.Build.0 = Debug|Any CPU
		{028C08B5-C329-484A-9F77-A290A091E5C6}.Debug|x86.ActiveCfg = Debug|Any CPU
		{028C08B5-C329-484A-9F77-A290A091E5C6}.Debug|x86.Build.0 = Debug|Any CPU
		{028C08B5-C329-484A-9F77-A290A091E5C6}.Release|Any CPU.ActiveCfg = Release|Any CPU
		{028C08B5-C329-484A-9F77-A290A091E5C6}.Release|Any CPU.Build.0 = Release|Any CPU
		{028C08B5-C329-484A-9F77-A290A091E5C6}.Release|x64.ActiveCfg = Release|Any CPU
		{028C08B5-C329-484A-9F77-A290A091E5C6}.Release|x64.Build.0 = Release|Any CPU
		{028C08B5-C329-484A-9F77-A290A091E5C6}.Release|x86.ActiveCfg = Release|Any CPU
		{028C08B5-C329-484A-9F77-A290A091E5C6}.Release|x86.Build.0 = Release|Any CPU
		{9220766F-2318-4849-85A3-2FF2E0FA391E}.Debug|Any CPU.ActiveCfg = Debug|Any CPU
		{9220766F-2318-4849-85A3-2FF2E0FA391E}.Debug|Any CPU.Build.0 = Debug|Any CPU
		{9220766F-2318-4849-85A3-2FF2E0FA391E}.Debug|x64.ActiveCfg = Debug|Any CPU
		{9220766F-2318-4849-85A3-2FF2E0FA391E}.Debug|x64.Build.0 = Debug|Any CPU
		{9220766F-2318-4849-85A3-2FF2E0FA391E}.Debug|x86.ActiveCfg = Debug|Any CPU
		{9220766F-2318-4849-85A3-2FF2E0FA391E}.Debug|x86.Build.0 = Debug|Any CPU
		{9220766F-2318-4849-85A3-2FF2E0FA391E}.Release|Any CPU.ActiveCfg = Release|Any CPU
		{9220766F-2318-4849-85A3-2FF2E0FA391E}.Release|Any CPU.Build.0 = Release|Any CPU
		{9220766F-2318-4849-85A3-2FF2E0FA391E}.Release|x64.ActiveCfg = Release|Any CPU
		{9220766F-2318-4849-85A3-2FF2E0FA391E}.Release|x64.Build.0 = Release|Any CPU
		{9220766F-2318-4849-85A3-2FF2E0FA391E}.Release|x86.ActiveCfg = Release|Any CPU
		{9220766F-2318-4849-85A3-2FF2E0FA391E}.Release|x86.Build.0 = Release|Any CPU
		{8BFA4FBA-A0BC-476E-BE92-FFB8CBED98EE}.Debug|Any CPU.ActiveCfg = Debug|Any CPU
		{8BFA4FBA-A0BC-476E-BE92-FFB8CBED98EE}.Debug|Any CPU.Build.0 = Debug|Any CPU
		{8BFA4FBA-A0BC-476E-BE92-FFB8CBED98EE}.Debug|x64.ActiveCfg = Debug|Any CPU
		{8BFA4FBA-A0BC-476E-BE92-FFB8CBED98EE}.Debug|x64.Build.0 = Debug|Any CPU
		{8BFA4FBA-A0BC-476E-BE92-FFB8CBED98EE}.Debug|x86.ActiveCfg = Debug|Any CPU
		{8BFA4FBA-A0BC-476E-BE92-FFB8CBED98EE}.Debug|x86.Build.0 = Debug|Any CPU
		{8BFA4FBA-A0BC-476E-BE92-FFB8CBED98EE}.Release|Any CPU.ActiveCfg = Release|Any CPU
		{8BFA4FBA-A0BC-476E-BE92-FFB8CBED98EE}.Release|Any CPU.Build.0 = Release|Any CPU
		{8BFA4FBA-A0BC-476E-BE92-FFB8CBED98EE}.Release|x64.ActiveCfg = Release|Any CPU
		{8BFA4FBA-A0BC-476E-BE92-FFB8CBED98EE}.Release|x64.Build.0 = Release|Any CPU
		{8BFA4FBA-A0BC-476E-BE92-FFB8CBED98EE}.Release|x86.ActiveCfg = Release|Any CPU
		{8BFA4FBA-A0BC-476E-BE92-FFB8CBED98EE}.Release|x86.Build.0 = Release|Any CPU
		{05216FDD-8539-4425-9C73-627EF0AD209D}.Debug|Any CPU.ActiveCfg = Debug|Any CPU
		{05216FDD-8539-4425-9C73-627EF0AD209D}.Debug|Any CPU.Build.0 = Debug|Any CPU
		{05216FDD-8539-4425-9C73-627EF0AD209D}.Debug|x64.ActiveCfg = Debug|Any CPU
		{05216FDD-8539-4425-9C73-627EF0AD209D}.Debug|x64.Build.0 = Debug|Any CPU
		{05216FDD-8539-4425-9C73-627EF0AD209D}.Debug|x86.ActiveCfg = Debug|Any CPU
		{05216FDD-8539-4425-9C73-627EF0AD209D}.Debug|x86.Build.0 = Debug|Any CPU
		{05216FDD-8539-4425-9C73-627EF0AD209D}.Release|Any CPU.ActiveCfg = Release|Any CPU
		{05216FDD-8539-4425-9C73-627EF0AD209D}.Release|Any CPU.Build.0 = Release|Any CPU
		{05216FDD-8539-4425-9C73-627EF0AD209D}.Release|x64.ActiveCfg = Release|Any CPU
		{05216FDD-8539-4425-9C73-627EF0AD209D}.Release|x64.Build.0 = Release|Any CPU
		{05216FDD-8539-4425-9C73-627EF0AD209D}.Release|x86.ActiveCfg = Release|Any CPU
		{05216FDD-8539-4425-9C73-627EF0AD209D}.Release|x86.Build.0 = Release|Any CPU
		{CD90CC8D-0D82-4385-A3C3-BC6C1855AA41}.Debug|Any CPU.ActiveCfg = Debug|Any CPU
		{CD90CC8D-0D82-4385-A3C3-BC6C1855AA41}.Debug|Any CPU.Build.0 = Debug|Any CPU
		{CD90CC8D-0D82-4385-A3C3-BC6C1855AA41}.Debug|x64.ActiveCfg = Debug|Any CPU
		{CD90CC8D-0D82-4385-A3C3-BC6C1855AA41}.Debug|x64.Build.0 = Debug|Any CPU
		{CD90CC8D-0D82-4385-A3C3-BC6C1855AA41}.Debug|x86.ActiveCfg = Debug|Any CPU
		{CD90CC8D-0D82-4385-A3C3-BC6C1855AA41}.Debug|x86.Build.0 = Debug|Any CPU
		{CD90CC8D-0D82-4385-A3C3-BC6C1855AA41}.Release|Any CPU.ActiveCfg = Release|Any CPU
		{CD90CC8D-0D82-4385-A3C3-BC6C1855AA41}.Release|Any CPU.Build.0 = Release|Any CPU
		{CD90CC8D-0D82-4385-A3C3-BC6C1855AA41}.Release|x64.ActiveCfg = Release|Any CPU
		{CD90CC8D-0D82-4385-A3C3-BC6C1855AA41}.Release|x64.Build.0 = Release|Any CPU
		{CD90CC8D-0D82-4385-A3C3-BC6C1855AA41}.Release|x86.ActiveCfg = Release|Any CPU
		{CD90CC8D-0D82-4385-A3C3-BC6C1855AA41}.Release|x86.Build.0 = Release|Any CPU
		{2628479C-98A3-4ED2-8D67-703BF5821D30}.Debug|Any CPU.ActiveCfg = Debug|Win32
		{2628479C-98A3-4ED2-8D67-703BF5821D30}.Debug|x64.ActiveCfg = Debug|x64
		{2628479C-98A3-4ED2-8D67-703BF5821D30}.Debug|x64.Build.0 = Debug|x64
		{2628479C-98A3-4ED2-8D67-703BF5821D30}.Debug|x86.ActiveCfg = Debug|Win32
		{2628479C-98A3-4ED2-8D67-703BF5821D30}.Debug|x86.Build.0 = Debug|Win32
		{2628479C-98A3-4ED2-8D67-703BF5821D30}.Release|Any CPU.ActiveCfg = Release|Win32
		{2628479C-98A3-4ED2-8D67-703BF5821D30}.Release|x64.ActiveCfg = Release|x64
		{2628479C-98A3-4ED2-8D67-703BF5821D30}.Release|x64.Build.0 = Release|x64
		{2628479C-98A3-4ED2-8D67-703BF5821D30}.Release|x86.ActiveCfg = Release|Win32
		{2628479C-98A3-4ED2-8D67-703BF5821D30}.Release|x86.Build.0 = Release|Win32
		{860A72DF-1D88-4494-9883-ED7979C51A39}.Debug|Any CPU.ActiveCfg = Debug|Any CPU
		{860A72DF-1D88-4494-9883-ED7979C51A39}.Debug|Any CPU.Build.0 = Debug|Any CPU
		{860A72DF-1D88-4494-9883-ED7979C51A39}.Debug|x64.ActiveCfg = Debug|Any CPU
		{860A72DF-1D88-4494-9883-ED7979C51A39}.Debug|x64.Build.0 = Debug|Any CPU
		{860A72DF-1D88-4494-9883-ED7979C51A39}.Debug|x86.ActiveCfg = Debug|Any CPU
		{860A72DF-1D88-4494-9883-ED7979C51A39}.Debug|x86.Build.0 = Debug|Any CPU
		{860A72DF-1D88-4494-9883-ED7979C51A39}.Release|Any CPU.ActiveCfg = Release|Any CPU
		{860A72DF-1D88-4494-9883-ED7979C51A39}.Release|Any CPU.Build.0 = Release|Any CPU
		{860A72DF-1D88-4494-9883-ED7979C51A39}.Release|x64.ActiveCfg = Release|Any CPU
		{860A72DF-1D88-4494-9883-ED7979C51A39}.Release|x64.Build.0 = Release|Any CPU
		{860A72DF-1D88-4494-9883-ED7979C51A39}.Release|x86.ActiveCfg = Release|Any CPU
		{860A72DF-1D88-4494-9883-ED7979C51A39}.Release|x86.Build.0 = Release|Any CPU
		{5947FB55-7D2A-445A-9962-88AAEAB74BDB}.Debug|Any CPU.ActiveCfg = Debug|Any CPU
		{5947FB55-7D2A-445A-9962-88AAEAB74BDB}.Debug|Any CPU.Build.0 = Debug|Any CPU
		{5947FB55-7D2A-445A-9962-88AAEAB74BDB}.Debug|x64.ActiveCfg = Debug|Any CPU
		{5947FB55-7D2A-445A-9962-88AAEAB74BDB}.Debug|x64.Build.0 = Debug|Any CPU
		{5947FB55-7D2A-445A-9962-88AAEAB74BDB}.Debug|x86.ActiveCfg = Debug|Any CPU
		{5947FB55-7D2A-445A-9962-88AAEAB74BDB}.Debug|x86.Build.0 = Debug|Any CPU
		{5947FB55-7D2A-445A-9962-88AAEAB74BDB}.Release|Any CPU.ActiveCfg = Release|Any CPU
		{5947FB55-7D2A-445A-9962-88AAEAB74BDB}.Release|Any CPU.Build.0 = Release|Any CPU
		{5947FB55-7D2A-445A-9962-88AAEAB74BDB}.Release|x64.ActiveCfg = Release|Any CPU
		{5947FB55-7D2A-445A-9962-88AAEAB74BDB}.Release|x64.Build.0 = Release|Any CPU
		{5947FB55-7D2A-445A-9962-88AAEAB74BDB}.Release|x86.ActiveCfg = Release|Any CPU
		{5947FB55-7D2A-445A-9962-88AAEAB74BDB}.Release|x86.Build.0 = Release|Any CPU
		{706B5D46-DE5E-403F-9450-3245C1A597FE}.Debug|Any CPU.ActiveCfg = Debug|Any CPU
		{706B5D46-DE5E-403F-9450-3245C1A597FE}.Debug|Any CPU.Build.0 = Debug|Any CPU
		{706B5D46-DE5E-403F-9450-3245C1A597FE}.Debug|x64.ActiveCfg = Debug|Any CPU
		{706B5D46-DE5E-403F-9450-3245C1A597FE}.Debug|x64.Build.0 = Debug|Any CPU
		{706B5D46-DE5E-403F-9450-3245C1A597FE}.Debug|x86.ActiveCfg = Debug|Any CPU
		{706B5D46-DE5E-403F-9450-3245C1A597FE}.Debug|x86.Build.0 = Debug|Any CPU
		{706B5D46-DE5E-403F-9450-3245C1A597FE}.Release|Any CPU.ActiveCfg = Release|Any CPU
		{706B5D46-DE5E-403F-9450-3245C1A597FE}.Release|Any CPU.Build.0 = Release|Any CPU
		{706B5D46-DE5E-403F-9450-3245C1A597FE}.Release|x64.ActiveCfg = Release|Any CPU
		{706B5D46-DE5E-403F-9450-3245C1A597FE}.Release|x64.Build.0 = Release|Any CPU
		{706B5D46-DE5E-403F-9450-3245C1A597FE}.Release|x86.ActiveCfg = Release|Any CPU
		{706B5D46-DE5E-403F-9450-3245C1A597FE}.Release|x86.Build.0 = Release|Any CPU
		{A457198B-5428-4F8D-842D-F6B0D2275EC5}.Debug|Any CPU.ActiveCfg = Debug|Any CPU
		{A457198B-5428-4F8D-842D-F6B0D2275EC5}.Debug|Any CPU.Build.0 = Debug|Any CPU
		{A457198B-5428-4F8D-842D-F6B0D2275EC5}.Debug|x64.ActiveCfg = Debug|Any CPU
		{A457198B-5428-4F8D-842D-F6B0D2275EC5}.Debug|x64.Build.0 = Debug|Any CPU
		{A457198B-5428-4F8D-842D-F6B0D2275EC5}.Debug|x86.ActiveCfg = Debug|Any CPU
		{A457198B-5428-4F8D-842D-F6B0D2275EC5}.Debug|x86.Build.0 = Debug|Any CPU
		{A457198B-5428-4F8D-842D-F6B0D2275EC5}.Release|Any CPU.ActiveCfg = Release|Any CPU
		{A457198B-5428-4F8D-842D-F6B0D2275EC5}.Release|Any CPU.Build.0 = Release|Any CPU
		{A457198B-5428-4F8D-842D-F6B0D2275EC5}.Release|x64.ActiveCfg = Release|Any CPU
		{A457198B-5428-4F8D-842D-F6B0D2275EC5}.Release|x64.Build.0 = Release|Any CPU
		{A457198B-5428-4F8D-842D-F6B0D2275EC5}.Release|x86.ActiveCfg = Release|Any CPU
		{A457198B-5428-4F8D-842D-F6B0D2275EC5}.Release|x86.Build.0 = Release|Any CPU
		{DF0F94F2-8EBA-4E05-84C2-DBFC472DACB6}.Debug|Any CPU.ActiveCfg = Debug|Any CPU
		{DF0F94F2-8EBA-4E05-84C2-DBFC472DACB6}.Debug|Any CPU.Build.0 = Debug|Any CPU
		{DF0F94F2-8EBA-4E05-84C2-DBFC472DACB6}.Debug|x64.ActiveCfg = Debug|Any CPU
		{DF0F94F2-8EBA-4E05-84C2-DBFC472DACB6}.Debug|x64.Build.0 = Debug|Any CPU
		{DF0F94F2-8EBA-4E05-84C2-DBFC472DACB6}.Debug|x86.ActiveCfg = Debug|Any CPU
		{DF0F94F2-8EBA-4E05-84C2-DBFC472DACB6}.Debug|x86.Build.0 = Debug|Any CPU
		{DF0F94F2-8EBA-4E05-84C2-DBFC472DACB6}.Release|Any CPU.ActiveCfg = Release|Any CPU
		{DF0F94F2-8EBA-4E05-84C2-DBFC472DACB6}.Release|Any CPU.Build.0 = Release|Any CPU
		{DF0F94F2-8EBA-4E05-84C2-DBFC472DACB6}.Release|x64.ActiveCfg = Release|Any CPU
		{DF0F94F2-8EBA-4E05-84C2-DBFC472DACB6}.Release|x64.Build.0 = Release|Any CPU
		{DF0F94F2-8EBA-4E05-84C2-DBFC472DACB6}.Release|x86.ActiveCfg = Release|Any CPU
		{DF0F94F2-8EBA-4E05-84C2-DBFC472DACB6}.Release|x86.Build.0 = Release|Any CPU
		{D4D767C8-739A-408A-9897-09935F0981B4}.Debug|Any CPU.ActiveCfg = Debug|Any CPU
		{D4D767C8-739A-408A-9897-09935F0981B4}.Debug|Any CPU.Build.0 = Debug|Any CPU
		{D4D767C8-739A-408A-9897-09935F0981B4}.Debug|x64.ActiveCfg = Debug|Any CPU
		{D4D767C8-739A-408A-9897-09935F0981B4}.Debug|x64.Build.0 = Debug|Any CPU
		{D4D767C8-739A-408A-9897-09935F0981B4}.Debug|x86.ActiveCfg = Debug|Any CPU
		{D4D767C8-739A-408A-9897-09935F0981B4}.Debug|x86.Build.0 = Debug|Any CPU
		{D4D767C8-739A-408A-9897-09935F0981B4}.Release|Any CPU.ActiveCfg = Release|Any CPU
		{D4D767C8-739A-408A-9897-09935F0981B4}.Release|Any CPU.Build.0 = Release|Any CPU
		{D4D767C8-739A-408A-9897-09935F0981B4}.Release|x64.ActiveCfg = Release|Any CPU
		{D4D767C8-739A-408A-9897-09935F0981B4}.Release|x64.Build.0 = Release|Any CPU
		{D4D767C8-739A-408A-9897-09935F0981B4}.Release|x86.ActiveCfg = Release|Any CPU
		{D4D767C8-739A-408A-9897-09935F0981B4}.Release|x86.Build.0 = Release|Any CPU
		{5702E9E5-CD03-461C-AE85-4022CA45F602}.Debug|Any CPU.ActiveCfg = Debug|Any CPU
		{5702E9E5-CD03-461C-AE85-4022CA45F602}.Debug|Any CPU.Build.0 = Debug|Any CPU
		{5702E9E5-CD03-461C-AE85-4022CA45F602}.Debug|x64.ActiveCfg = Debug|Any CPU
		{5702E9E5-CD03-461C-AE85-4022CA45F602}.Debug|x64.Build.0 = Debug|Any CPU
		{5702E9E5-CD03-461C-AE85-4022CA45F602}.Debug|x86.ActiveCfg = Debug|Any CPU
		{5702E9E5-CD03-461C-AE85-4022CA45F602}.Debug|x86.Build.0 = Debug|Any CPU
		{5702E9E5-CD03-461C-AE85-4022CA45F602}.Release|Any CPU.ActiveCfg = Release|Any CPU
		{5702E9E5-CD03-461C-AE85-4022CA45F602}.Release|Any CPU.Build.0 = Release|Any CPU
		{5702E9E5-CD03-461C-AE85-4022CA45F602}.Release|x64.ActiveCfg = Release|Any CPU
		{5702E9E5-CD03-461C-AE85-4022CA45F602}.Release|x64.Build.0 = Release|Any CPU
		{5702E9E5-CD03-461C-AE85-4022CA45F602}.Release|x86.ActiveCfg = Release|Any CPU
		{5702E9E5-CD03-461C-AE85-4022CA45F602}.Release|x86.Build.0 = Release|Any CPU
		{2F880F36-9D09-4F65-AE1D-082CA112EDE5}.Debug|Any CPU.ActiveCfg = Debug|Any CPU
		{2F880F36-9D09-4F65-AE1D-082CA112EDE5}.Debug|Any CPU.Build.0 = Debug|Any CPU
		{2F880F36-9D09-4F65-AE1D-082CA112EDE5}.Debug|x64.ActiveCfg = Debug|Any CPU
		{2F880F36-9D09-4F65-AE1D-082CA112EDE5}.Debug|x64.Build.0 = Debug|Any CPU
		{2F880F36-9D09-4F65-AE1D-082CA112EDE5}.Debug|x86.ActiveCfg = Debug|Any CPU
		{2F880F36-9D09-4F65-AE1D-082CA112EDE5}.Debug|x86.Build.0 = Debug|Any CPU
		{2F880F36-9D09-4F65-AE1D-082CA112EDE5}.Release|Any CPU.ActiveCfg = Release|Any CPU
		{2F880F36-9D09-4F65-AE1D-082CA112EDE5}.Release|Any CPU.Build.0 = Release|Any CPU
		{2F880F36-9D09-4F65-AE1D-082CA112EDE5}.Release|x64.ActiveCfg = Release|Any CPU
		{2F880F36-9D09-4F65-AE1D-082CA112EDE5}.Release|x64.Build.0 = Release|Any CPU
		{2F880F36-9D09-4F65-AE1D-082CA112EDE5}.Release|x86.ActiveCfg = Release|Any CPU
		{2F880F36-9D09-4F65-AE1D-082CA112EDE5}.Release|x86.Build.0 = Release|Any CPU
		{4D715448-13E4-44BD-86C0-78581BB0D9B4}.Debug|Any CPU.ActiveCfg = Debug|Any CPU
		{4D715448-13E4-44BD-86C0-78581BB0D9B4}.Debug|Any CPU.Build.0 = Debug|Any CPU
		{4D715448-13E4-44BD-86C0-78581BB0D9B4}.Debug|x64.ActiveCfg = Debug|Any CPU
		{4D715448-13E4-44BD-86C0-78581BB0D9B4}.Debug|x64.Build.0 = Debug|Any CPU
		{4D715448-13E4-44BD-86C0-78581BB0D9B4}.Debug|x86.ActiveCfg = Debug|Any CPU
		{4D715448-13E4-44BD-86C0-78581BB0D9B4}.Debug|x86.Build.0 = Debug|Any CPU
		{4D715448-13E4-44BD-86C0-78581BB0D9B4}.Release|Any CPU.ActiveCfg = Release|Any CPU
		{4D715448-13E4-44BD-86C0-78581BB0D9B4}.Release|Any CPU.Build.0 = Release|Any CPU
		{4D715448-13E4-44BD-86C0-78581BB0D9B4}.Release|x64.ActiveCfg = Release|Any CPU
		{4D715448-13E4-44BD-86C0-78581BB0D9B4}.Release|x64.Build.0 = Release|Any CPU
		{4D715448-13E4-44BD-86C0-78581BB0D9B4}.Release|x86.ActiveCfg = Release|Any CPU
		{4D715448-13E4-44BD-86C0-78581BB0D9B4}.Release|x86.Build.0 = Release|Any CPU
		{2F2E1726-E7A9-45AA-9CBB-7D4DBE89D636}.Debug|Any CPU.ActiveCfg = Debug|Any CPU
		{2F2E1726-E7A9-45AA-9CBB-7D4DBE89D636}.Debug|Any CPU.Build.0 = Debug|Any CPU
		{2F2E1726-E7A9-45AA-9CBB-7D4DBE89D636}.Debug|x64.ActiveCfg = Debug|Any CPU
		{2F2E1726-E7A9-45AA-9CBB-7D4DBE89D636}.Debug|x64.Build.0 = Debug|Any CPU
		{2F2E1726-E7A9-45AA-9CBB-7D4DBE89D636}.Debug|x86.ActiveCfg = Debug|Any CPU
		{2F2E1726-E7A9-45AA-9CBB-7D4DBE89D636}.Debug|x86.Build.0 = Debug|Any CPU
		{2F2E1726-E7A9-45AA-9CBB-7D4DBE89D636}.Release|Any CPU.ActiveCfg = Release|Any CPU
		{2F2E1726-E7A9-45AA-9CBB-7D4DBE89D636}.Release|Any CPU.Build.0 = Release|Any CPU
		{2F2E1726-E7A9-45AA-9CBB-7D4DBE89D636}.Release|x64.ActiveCfg = Release|Any CPU
		{2F2E1726-E7A9-45AA-9CBB-7D4DBE89D636}.Release|x64.Build.0 = Release|Any CPU
		{2F2E1726-E7A9-45AA-9CBB-7D4DBE89D636}.Release|x86.ActiveCfg = Release|Any CPU
		{2F2E1726-E7A9-45AA-9CBB-7D4DBE89D636}.Release|x86.Build.0 = Release|Any CPU
		{682527BE-8E30-461B-B56B-91900F9E5040}.Debug|Any CPU.ActiveCfg = Debug|Any CPU
		{682527BE-8E30-461B-B56B-91900F9E5040}.Debug|Any CPU.Build.0 = Debug|Any CPU
		{682527BE-8E30-461B-B56B-91900F9E5040}.Debug|x64.ActiveCfg = Debug|Any CPU
		{682527BE-8E30-461B-B56B-91900F9E5040}.Debug|x64.Build.0 = Debug|Any CPU
		{682527BE-8E30-461B-B56B-91900F9E5040}.Debug|x86.ActiveCfg = Debug|Any CPU
		{682527BE-8E30-461B-B56B-91900F9E5040}.Debug|x86.Build.0 = Debug|Any CPU
		{682527BE-8E30-461B-B56B-91900F9E5040}.Release|Any CPU.ActiveCfg = Release|Any CPU
		{682527BE-8E30-461B-B56B-91900F9E5040}.Release|Any CPU.Build.0 = Release|Any CPU
		{682527BE-8E30-461B-B56B-91900F9E5040}.Release|x64.ActiveCfg = Release|Any CPU
		{682527BE-8E30-461B-B56B-91900F9E5040}.Release|x64.Build.0 = Release|Any CPU
		{682527BE-8E30-461B-B56B-91900F9E5040}.Release|x86.ActiveCfg = Release|Any CPU
		{682527BE-8E30-461B-B56B-91900F9E5040}.Release|x86.Build.0 = Release|Any CPU
		{C91CE339-E55A-4122-809B-BBA38658A48C}.Debug|Any CPU.ActiveCfg = Debug|Any CPU
		{C91CE339-E55A-4122-809B-BBA38658A48C}.Debug|Any CPU.Build.0 = Debug|Any CPU
		{C91CE339-E55A-4122-809B-BBA38658A48C}.Debug|x64.ActiveCfg = Debug|Any CPU
		{C91CE339-E55A-4122-809B-BBA38658A48C}.Debug|x64.Build.0 = Debug|Any CPU
		{C91CE339-E55A-4122-809B-BBA38658A48C}.Debug|x86.ActiveCfg = Debug|Any CPU
		{C91CE339-E55A-4122-809B-BBA38658A48C}.Debug|x86.Build.0 = Debug|Any CPU
		{C91CE339-E55A-4122-809B-BBA38658A48C}.Release|Any CPU.ActiveCfg = Release|Any CPU
		{C91CE339-E55A-4122-809B-BBA38658A48C}.Release|Any CPU.Build.0 = Release|Any CPU
		{C91CE339-E55A-4122-809B-BBA38658A48C}.Release|x64.ActiveCfg = Release|Any CPU
		{C91CE339-E55A-4122-809B-BBA38658A48C}.Release|x64.Build.0 = Release|Any CPU
		{C91CE339-E55A-4122-809B-BBA38658A48C}.Release|x86.ActiveCfg = Release|Any CPU
		{C91CE339-E55A-4122-809B-BBA38658A48C}.Release|x86.Build.0 = Release|Any CPU
		{E3A0841B-FAE9-412D-A732-3EB8D3DF7AE4}.Debug|Any CPU.ActiveCfg = Debug|Any CPU
		{E3A0841B-FAE9-412D-A732-3EB8D3DF7AE4}.Debug|Any CPU.Build.0 = Debug|Any CPU
		{E3A0841B-FAE9-412D-A732-3EB8D3DF7AE4}.Debug|x64.ActiveCfg = Debug|Any CPU
		{E3A0841B-FAE9-412D-A732-3EB8D3DF7AE4}.Debug|x64.Build.0 = Debug|Any CPU
		{E3A0841B-FAE9-412D-A732-3EB8D3DF7AE4}.Debug|x86.ActiveCfg = Debug|Any CPU
		{E3A0841B-FAE9-412D-A732-3EB8D3DF7AE4}.Debug|x86.Build.0 = Debug|Any CPU
		{E3A0841B-FAE9-412D-A732-3EB8D3DF7AE4}.Release|Any CPU.ActiveCfg = Release|Any CPU
		{E3A0841B-FAE9-412D-A732-3EB8D3DF7AE4}.Release|Any CPU.Build.0 = Release|Any CPU
		{E3A0841B-FAE9-412D-A732-3EB8D3DF7AE4}.Release|x64.ActiveCfg = Release|Any CPU
		{E3A0841B-FAE9-412D-A732-3EB8D3DF7AE4}.Release|x64.Build.0 = Release|Any CPU
		{E3A0841B-FAE9-412D-A732-3EB8D3DF7AE4}.Release|x86.ActiveCfg = Release|Any CPU
		{E3A0841B-FAE9-412D-A732-3EB8D3DF7AE4}.Release|x86.Build.0 = Release|Any CPU
		{563A080E-B11D-4865-A1B6-910BD539BE34}.Debug|Any CPU.ActiveCfg = Debug|Any CPU
		{563A080E-B11D-4865-A1B6-910BD539BE34}.Debug|Any CPU.Build.0 = Debug|Any CPU
		{563A080E-B11D-4865-A1B6-910BD539BE34}.Debug|x64.ActiveCfg = Debug|Any CPU
		{563A080E-B11D-4865-A1B6-910BD539BE34}.Debug|x64.Build.0 = Debug|Any CPU
		{563A080E-B11D-4865-A1B6-910BD539BE34}.Debug|x86.ActiveCfg = Debug|Any CPU
		{563A080E-B11D-4865-A1B6-910BD539BE34}.Debug|x86.Build.0 = Debug|Any CPU
		{563A080E-B11D-4865-A1B6-910BD539BE34}.Release|Any CPU.ActiveCfg = Release|Any CPU
		{563A080E-B11D-4865-A1B6-910BD539BE34}.Release|Any CPU.Build.0 = Release|Any CPU
		{563A080E-B11D-4865-A1B6-910BD539BE34}.Release|x64.ActiveCfg = Release|Any CPU
		{563A080E-B11D-4865-A1B6-910BD539BE34}.Release|x64.Build.0 = Release|Any CPU
		{563A080E-B11D-4865-A1B6-910BD539BE34}.Release|x86.ActiveCfg = Release|Any CPU
		{563A080E-B11D-4865-A1B6-910BD539BE34}.Release|x86.Build.0 = Release|Any CPU
		{01276C2A-7BCD-4770-9C69-B8282937ABA1}.Debug|Any CPU.ActiveCfg = Debug|Any CPU
		{01276C2A-7BCD-4770-9C69-B8282937ABA1}.Debug|Any CPU.Build.0 = Debug|Any CPU
		{01276C2A-7BCD-4770-9C69-B8282937ABA1}.Debug|x64.ActiveCfg = Debug|Any CPU
		{01276C2A-7BCD-4770-9C69-B8282937ABA1}.Debug|x64.Build.0 = Debug|Any CPU
		{01276C2A-7BCD-4770-9C69-B8282937ABA1}.Debug|x86.ActiveCfg = Debug|Any CPU
		{01276C2A-7BCD-4770-9C69-B8282937ABA1}.Debug|x86.Build.0 = Debug|Any CPU
		{01276C2A-7BCD-4770-9C69-B8282937ABA1}.Release|Any CPU.ActiveCfg = Release|Any CPU
		{01276C2A-7BCD-4770-9C69-B8282937ABA1}.Release|Any CPU.Build.0 = Release|Any CPU
		{01276C2A-7BCD-4770-9C69-B8282937ABA1}.Release|x64.ActiveCfg = Release|Any CPU
		{01276C2A-7BCD-4770-9C69-B8282937ABA1}.Release|x64.Build.0 = Release|Any CPU
		{01276C2A-7BCD-4770-9C69-B8282937ABA1}.Release|x86.ActiveCfg = Release|Any CPU
		{01276C2A-7BCD-4770-9C69-B8282937ABA1}.Release|x86.Build.0 = Release|Any CPU
		{6BB07199-9B1B-460F-9B38-84EBCE8A82CB}.Debug|Any CPU.ActiveCfg = Debug|Any CPU
		{6BB07199-9B1B-460F-9B38-84EBCE8A82CB}.Debug|Any CPU.Build.0 = Debug|Any CPU
		{6BB07199-9B1B-460F-9B38-84EBCE8A82CB}.Debug|x64.ActiveCfg = Debug|Any CPU
		{6BB07199-9B1B-460F-9B38-84EBCE8A82CB}.Debug|x64.Build.0 = Debug|Any CPU
		{6BB07199-9B1B-460F-9B38-84EBCE8A82CB}.Debug|x86.ActiveCfg = Debug|Any CPU
		{6BB07199-9B1B-460F-9B38-84EBCE8A82CB}.Debug|x86.Build.0 = Debug|Any CPU
		{6BB07199-9B1B-460F-9B38-84EBCE8A82CB}.Release|Any CPU.ActiveCfg = Release|Any CPU
		{6BB07199-9B1B-460F-9B38-84EBCE8A82CB}.Release|Any CPU.Build.0 = Release|Any CPU
		{6BB07199-9B1B-460F-9B38-84EBCE8A82CB}.Release|x64.ActiveCfg = Release|Any CPU
		{6BB07199-9B1B-460F-9B38-84EBCE8A82CB}.Release|x64.Build.0 = Release|Any CPU
		{6BB07199-9B1B-460F-9B38-84EBCE8A82CB}.Release|x86.ActiveCfg = Release|Any CPU
		{6BB07199-9B1B-460F-9B38-84EBCE8A82CB}.Release|x86.Build.0 = Release|Any CPU
		{2B337BA6-A63D-4381-B61E-07910813FCC2}.Debug|Any CPU.ActiveCfg = Debug|Any CPU
		{2B337BA6-A63D-4381-B61E-07910813FCC2}.Debug|Any CPU.Build.0 = Debug|Any CPU
		{2B337BA6-A63D-4381-B61E-07910813FCC2}.Debug|x64.ActiveCfg = Debug|Any CPU
		{2B337BA6-A63D-4381-B61E-07910813FCC2}.Debug|x64.Build.0 = Debug|Any CPU
		{2B337BA6-A63D-4381-B61E-07910813FCC2}.Debug|x86.ActiveCfg = Debug|Any CPU
		{2B337BA6-A63D-4381-B61E-07910813FCC2}.Debug|x86.Build.0 = Debug|Any CPU
		{2B337BA6-A63D-4381-B61E-07910813FCC2}.Release|Any CPU.ActiveCfg = Release|Any CPU
		{2B337BA6-A63D-4381-B61E-07910813FCC2}.Release|Any CPU.Build.0 = Release|Any CPU
		{2B337BA6-A63D-4381-B61E-07910813FCC2}.Release|x64.ActiveCfg = Release|Any CPU
		{2B337BA6-A63D-4381-B61E-07910813FCC2}.Release|x64.Build.0 = Release|Any CPU
		{2B337BA6-A63D-4381-B61E-07910813FCC2}.Release|x86.ActiveCfg = Release|Any CPU
		{2B337BA6-A63D-4381-B61E-07910813FCC2}.Release|x86.Build.0 = Release|Any CPU
		{7101C7AB-A908-4356-AD2E-ED01014A89BC}.Debug|Any CPU.ActiveCfg = Debug|Any CPU
		{7101C7AB-A908-4356-AD2E-ED01014A89BC}.Debug|Any CPU.Build.0 = Debug|Any CPU
		{7101C7AB-A908-4356-AD2E-ED01014A89BC}.Debug|x64.ActiveCfg = Debug|Any CPU
		{7101C7AB-A908-4356-AD2E-ED01014A89BC}.Debug|x64.Build.0 = Debug|Any CPU
		{7101C7AB-A908-4356-AD2E-ED01014A89BC}.Debug|x86.ActiveCfg = Debug|Any CPU
		{7101C7AB-A908-4356-AD2E-ED01014A89BC}.Debug|x86.Build.0 = Debug|Any CPU
		{7101C7AB-A908-4356-AD2E-ED01014A89BC}.Release|Any CPU.ActiveCfg = Release|Any CPU
		{7101C7AB-A908-4356-AD2E-ED01014A89BC}.Release|Any CPU.Build.0 = Release|Any CPU
		{7101C7AB-A908-4356-AD2E-ED01014A89BC}.Release|x64.ActiveCfg = Release|Any CPU
		{7101C7AB-A908-4356-AD2E-ED01014A89BC}.Release|x64.Build.0 = Release|Any CPU
		{7101C7AB-A908-4356-AD2E-ED01014A89BC}.Release|x86.ActiveCfg = Release|Any CPU
		{7101C7AB-A908-4356-AD2E-ED01014A89BC}.Release|x86.Build.0 = Release|Any CPU
		{08BDACD7-3B7A-4BC7-A54F-5A1516F8F48C}.Debug|Any CPU.ActiveCfg = Debug|Any CPU
		{08BDACD7-3B7A-4BC7-A54F-5A1516F8F48C}.Debug|Any CPU.Build.0 = Debug|Any CPU
		{08BDACD7-3B7A-4BC7-A54F-5A1516F8F48C}.Debug|x64.ActiveCfg = Debug|Any CPU
		{08BDACD7-3B7A-4BC7-A54F-5A1516F8F48C}.Debug|x64.Build.0 = Debug|Any CPU
		{08BDACD7-3B7A-4BC7-A54F-5A1516F8F48C}.Debug|x86.ActiveCfg = Debug|Any CPU
		{08BDACD7-3B7A-4BC7-A54F-5A1516F8F48C}.Debug|x86.Build.0 = Debug|Any CPU
		{08BDACD7-3B7A-4BC7-A54F-5A1516F8F48C}.Release|Any CPU.ActiveCfg = Release|Any CPU
		{08BDACD7-3B7A-4BC7-A54F-5A1516F8F48C}.Release|Any CPU.Build.0 = Release|Any CPU
		{08BDACD7-3B7A-4BC7-A54F-5A1516F8F48C}.Release|x64.ActiveCfg = Release|Any CPU
		{08BDACD7-3B7A-4BC7-A54F-5A1516F8F48C}.Release|x64.Build.0 = Release|Any CPU
		{08BDACD7-3B7A-4BC7-A54F-5A1516F8F48C}.Release|x86.ActiveCfg = Release|Any CPU
		{08BDACD7-3B7A-4BC7-A54F-5A1516F8F48C}.Release|x86.Build.0 = Release|Any CPU
		{818AEF18-0F51-44CC-A6FD-5594893B2563}.Debug|Any CPU.ActiveCfg = Debug|Win32
		{818AEF18-0F51-44CC-A6FD-5594893B2563}.Debug|x64.ActiveCfg = Debug|x64
		{818AEF18-0F51-44CC-A6FD-5594893B2563}.Debug|x64.Build.0 = Debug|x64
		{818AEF18-0F51-44CC-A6FD-5594893B2563}.Debug|x86.ActiveCfg = Debug|Win32
		{818AEF18-0F51-44CC-A6FD-5594893B2563}.Debug|x86.Build.0 = Debug|Win32
		{818AEF18-0F51-44CC-A6FD-5594893B2563}.Release|Any CPU.ActiveCfg = Release|Win32
		{818AEF18-0F51-44CC-A6FD-5594893B2563}.Release|x64.ActiveCfg = Release|x64
		{818AEF18-0F51-44CC-A6FD-5594893B2563}.Release|x64.Build.0 = Release|x64
		{818AEF18-0F51-44CC-A6FD-5594893B2563}.Release|x86.ActiveCfg = Release|Win32
		{818AEF18-0F51-44CC-A6FD-5594893B2563}.Release|x86.Build.0 = Release|Win32
		{988D70D8-39E4-4BFA-8B74-871D5659405A}.Debug|Any CPU.ActiveCfg = Debug|Any CPU
		{988D70D8-39E4-4BFA-8B74-871D5659405A}.Debug|Any CPU.Build.0 = Debug|Any CPU
		{988D70D8-39E4-4BFA-8B74-871D5659405A}.Debug|x64.ActiveCfg = Debug|Any CPU
		{988D70D8-39E4-4BFA-8B74-871D5659405A}.Debug|x64.Build.0 = Debug|Any CPU
		{988D70D8-39E4-4BFA-8B74-871D5659405A}.Debug|x86.ActiveCfg = Debug|Any CPU
		{988D70D8-39E4-4BFA-8B74-871D5659405A}.Debug|x86.Build.0 = Debug|Any CPU
		{988D70D8-39E4-4BFA-8B74-871D5659405A}.Release|Any CPU.ActiveCfg = Release|Any CPU
		{988D70D8-39E4-4BFA-8B74-871D5659405A}.Release|Any CPU.Build.0 = Release|Any CPU
		{988D70D8-39E4-4BFA-8B74-871D5659405A}.Release|x64.ActiveCfg = Release|Any CPU
		{988D70D8-39E4-4BFA-8B74-871D5659405A}.Release|x64.Build.0 = Release|Any CPU
		{988D70D8-39E4-4BFA-8B74-871D5659405A}.Release|x86.ActiveCfg = Release|Any CPU
		{988D70D8-39E4-4BFA-8B74-871D5659405A}.Release|x86.Build.0 = Release|Any CPU
		{AA66D3C9-A84A-4244-87ED-7A0ABE3CFC35}.Debug|Any CPU.ActiveCfg = Debug|Any CPU
		{AA66D3C9-A84A-4244-87ED-7A0ABE3CFC35}.Debug|Any CPU.Build.0 = Debug|Any CPU
		{AA66D3C9-A84A-4244-87ED-7A0ABE3CFC35}.Debug|x64.ActiveCfg = Debug|Any CPU
		{AA66D3C9-A84A-4244-87ED-7A0ABE3CFC35}.Debug|x64.Build.0 = Debug|Any CPU
		{AA66D3C9-A84A-4244-87ED-7A0ABE3CFC35}.Debug|x86.ActiveCfg = Debug|Any CPU
		{AA66D3C9-A84A-4244-87ED-7A0ABE3CFC35}.Debug|x86.Build.0 = Debug|Any CPU
		{AA66D3C9-A84A-4244-87ED-7A0ABE3CFC35}.Release|Any CPU.ActiveCfg = Release|Any CPU
		{AA66D3C9-A84A-4244-87ED-7A0ABE3CFC35}.Release|Any CPU.Build.0 = Release|Any CPU
		{AA66D3C9-A84A-4244-87ED-7A0ABE3CFC35}.Release|x64.ActiveCfg = Release|Any CPU
		{AA66D3C9-A84A-4244-87ED-7A0ABE3CFC35}.Release|x64.Build.0 = Release|Any CPU
		{AA66D3C9-A84A-4244-87ED-7A0ABE3CFC35}.Release|x86.ActiveCfg = Release|Any CPU
		{AA66D3C9-A84A-4244-87ED-7A0ABE3CFC35}.Release|x86.Build.0 = Release|Any CPU
		{D180936B-F36C-49EF-98FF-B9A602B925C6}.Debug|Any CPU.ActiveCfg = Debug|Any CPU
		{D180936B-F36C-49EF-98FF-B9A602B925C6}.Debug|Any CPU.Build.0 = Debug|Any CPU
		{D180936B-F36C-49EF-98FF-B9A602B925C6}.Debug|x64.ActiveCfg = Debug|Any CPU
		{D180936B-F36C-49EF-98FF-B9A602B925C6}.Debug|x64.Build.0 = Debug|Any CPU
		{D180936B-F36C-49EF-98FF-B9A602B925C6}.Debug|x86.ActiveCfg = Debug|Any CPU
		{D180936B-F36C-49EF-98FF-B9A602B925C6}.Debug|x86.Build.0 = Debug|Any CPU
		{D180936B-F36C-49EF-98FF-B9A602B925C6}.Release|Any CPU.ActiveCfg = Release|Any CPU
		{D180936B-F36C-49EF-98FF-B9A602B925C6}.Release|Any CPU.Build.0 = Release|Any CPU
		{D180936B-F36C-49EF-98FF-B9A602B925C6}.Release|x64.ActiveCfg = Release|Any CPU
		{D180936B-F36C-49EF-98FF-B9A602B925C6}.Release|x64.Build.0 = Release|Any CPU
		{D180936B-F36C-49EF-98FF-B9A602B925C6}.Release|x86.ActiveCfg = Release|Any CPU
		{D180936B-F36C-49EF-98FF-B9A602B925C6}.Release|x86.Build.0 = Release|Any CPU
		{EFD342BC-1C6A-4690-B027-179D54CD7AF4}.Debug|Any CPU.ActiveCfg = Debug|Any CPU
		{EFD342BC-1C6A-4690-B027-179D54CD7AF4}.Debug|Any CPU.Build.0 = Debug|Any CPU
		{EFD342BC-1C6A-4690-B027-179D54CD7AF4}.Debug|x64.ActiveCfg = Debug|Any CPU
		{EFD342BC-1C6A-4690-B027-179D54CD7AF4}.Debug|x64.Build.0 = Debug|Any CPU
		{EFD342BC-1C6A-4690-B027-179D54CD7AF4}.Debug|x86.ActiveCfg = Debug|Any CPU
		{EFD342BC-1C6A-4690-B027-179D54CD7AF4}.Debug|x86.Build.0 = Debug|Any CPU
		{EFD342BC-1C6A-4690-B027-179D54CD7AF4}.Release|Any CPU.ActiveCfg = Release|Any CPU
		{EFD342BC-1C6A-4690-B027-179D54CD7AF4}.Release|Any CPU.Build.0 = Release|Any CPU
		{EFD342BC-1C6A-4690-B027-179D54CD7AF4}.Release|x64.ActiveCfg = Release|Any CPU
		{EFD342BC-1C6A-4690-B027-179D54CD7AF4}.Release|x64.Build.0 = Release|Any CPU
		{EFD342BC-1C6A-4690-B027-179D54CD7AF4}.Release|x86.ActiveCfg = Release|Any CPU
		{EFD342BC-1C6A-4690-B027-179D54CD7AF4}.Release|x86.Build.0 = Release|Any CPU
		{ECE2AD1E-11B0-4B22-93A5-1C89536647D4}.Debug|Any CPU.ActiveCfg = Debug|Any CPU
		{ECE2AD1E-11B0-4B22-93A5-1C89536647D4}.Debug|Any CPU.Build.0 = Debug|Any CPU
		{ECE2AD1E-11B0-4B22-93A5-1C89536647D4}.Debug|x64.ActiveCfg = Debug|Any CPU
		{ECE2AD1E-11B0-4B22-93A5-1C89536647D4}.Debug|x64.Build.0 = Debug|Any CPU
		{ECE2AD1E-11B0-4B22-93A5-1C89536647D4}.Debug|x86.ActiveCfg = Debug|Any CPU
		{ECE2AD1E-11B0-4B22-93A5-1C89536647D4}.Debug|x86.Build.0 = Debug|Any CPU
		{ECE2AD1E-11B0-4B22-93A5-1C89536647D4}.Release|Any CPU.ActiveCfg = Release|Any CPU
		{ECE2AD1E-11B0-4B22-93A5-1C89536647D4}.Release|Any CPU.Build.0 = Release|Any CPU
		{ECE2AD1E-11B0-4B22-93A5-1C89536647D4}.Release|x64.ActiveCfg = Release|Any CPU
		{ECE2AD1E-11B0-4B22-93A5-1C89536647D4}.Release|x64.Build.0 = Release|Any CPU
		{ECE2AD1E-11B0-4B22-93A5-1C89536647D4}.Release|x86.ActiveCfg = Release|Any CPU
		{ECE2AD1E-11B0-4B22-93A5-1C89536647D4}.Release|x86.Build.0 = Release|Any CPU
		{AB97B3F6-E682-4685-9110-57C2DC52BCB8}.Debug|Any CPU.ActiveCfg = Debug|Any CPU
		{AB97B3F6-E682-4685-9110-57C2DC52BCB8}.Debug|Any CPU.Build.0 = Debug|Any CPU
		{AB97B3F6-E682-4685-9110-57C2DC52BCB8}.Debug|x64.ActiveCfg = Debug|Any CPU
		{AB97B3F6-E682-4685-9110-57C2DC52BCB8}.Debug|x64.Build.0 = Debug|Any CPU
		{AB97B3F6-E682-4685-9110-57C2DC52BCB8}.Debug|x86.ActiveCfg = Debug|Any CPU
		{AB97B3F6-E682-4685-9110-57C2DC52BCB8}.Debug|x86.Build.0 = Debug|Any CPU
		{AB97B3F6-E682-4685-9110-57C2DC52BCB8}.Release|Any CPU.ActiveCfg = Release|Any CPU
		{AB97B3F6-E682-4685-9110-57C2DC52BCB8}.Release|Any CPU.Build.0 = Release|Any CPU
		{AB97B3F6-E682-4685-9110-57C2DC52BCB8}.Release|x64.ActiveCfg = Release|Any CPU
		{AB97B3F6-E682-4685-9110-57C2DC52BCB8}.Release|x64.Build.0 = Release|Any CPU
		{AB97B3F6-E682-4685-9110-57C2DC52BCB8}.Release|x86.ActiveCfg = Release|Any CPU
		{AB97B3F6-E682-4685-9110-57C2DC52BCB8}.Release|x86.Build.0 = Release|Any CPU
		{25D1C134-BC58-4BD4-B502-224704556836}.Debug|Any CPU.ActiveCfg = Debug|Any CPU
		{25D1C134-BC58-4BD4-B502-224704556836}.Debug|Any CPU.Build.0 = Debug|Any CPU
		{25D1C134-BC58-4BD4-B502-224704556836}.Debug|x64.ActiveCfg = Debug|Any CPU
		{25D1C134-BC58-4BD4-B502-224704556836}.Debug|x64.Build.0 = Debug|Any CPU
		{25D1C134-BC58-4BD4-B502-224704556836}.Debug|x86.ActiveCfg = Debug|Any CPU
		{25D1C134-BC58-4BD4-B502-224704556836}.Debug|x86.Build.0 = Debug|Any CPU
		{25D1C134-BC58-4BD4-B502-224704556836}.Release|Any CPU.ActiveCfg = Release|Any CPU
		{25D1C134-BC58-4BD4-B502-224704556836}.Release|Any CPU.Build.0 = Release|Any CPU
		{25D1C134-BC58-4BD4-B502-224704556836}.Release|x64.ActiveCfg = Release|Any CPU
		{25D1C134-BC58-4BD4-B502-224704556836}.Release|x64.Build.0 = Release|Any CPU
		{25D1C134-BC58-4BD4-B502-224704556836}.Release|x86.ActiveCfg = Release|Any CPU
		{25D1C134-BC58-4BD4-B502-224704556836}.Release|x86.Build.0 = Release|Any CPU
		{1B5D66E5-21A5-4A3A-AC45-55B4CAE9BA6B}.Debug|Any CPU.ActiveCfg = Debug|Win32
		{1B5D66E5-21A5-4A3A-AC45-55B4CAE9BA6B}.Debug|x64.ActiveCfg = Debug|x64
		{1B5D66E5-21A5-4A3A-AC45-55B4CAE9BA6B}.Debug|x64.Build.0 = Debug|x64
		{1B5D66E5-21A5-4A3A-AC45-55B4CAE9BA6B}.Debug|x86.ActiveCfg = Debug|Win32
		{1B5D66E5-21A5-4A3A-AC45-55B4CAE9BA6B}.Debug|x86.Build.0 = Debug|Win32
		{1B5D66E5-21A5-4A3A-AC45-55B4CAE9BA6B}.Release|Any CPU.ActiveCfg = Release|Win32
		{1B5D66E5-21A5-4A3A-AC45-55B4CAE9BA6B}.Release|x64.ActiveCfg = Release|x64
		{1B5D66E5-21A5-4A3A-AC45-55B4CAE9BA6B}.Release|x64.Build.0 = Release|x64
		{1B5D66E5-21A5-4A3A-AC45-55B4CAE9BA6B}.Release|x86.ActiveCfg = Release|Win32
		{1B5D66E5-21A5-4A3A-AC45-55B4CAE9BA6B}.Release|x86.Build.0 = Release|Win32
		{08D5F23E-D918-4315-863A-6D876E73ADDB}.Debug|Any CPU.ActiveCfg = Debug|Any CPU
		{08D5F23E-D918-4315-863A-6D876E73ADDB}.Debug|Any CPU.Build.0 = Debug|Any CPU
		{08D5F23E-D918-4315-863A-6D876E73ADDB}.Debug|x64.ActiveCfg = Debug|Any CPU
		{08D5F23E-D918-4315-863A-6D876E73ADDB}.Debug|x64.Build.0 = Debug|Any CPU
		{08D5F23E-D918-4315-863A-6D876E73ADDB}.Debug|x86.ActiveCfg = Debug|Any CPU
		{08D5F23E-D918-4315-863A-6D876E73ADDB}.Debug|x86.Build.0 = Debug|Any CPU
		{08D5F23E-D918-4315-863A-6D876E73ADDB}.Release|Any CPU.ActiveCfg = Release|Any CPU
		{08D5F23E-D918-4315-863A-6D876E73ADDB}.Release|Any CPU.Build.0 = Release|Any CPU
		{08D5F23E-D918-4315-863A-6D876E73ADDB}.Release|x64.ActiveCfg = Release|Any CPU
		{08D5F23E-D918-4315-863A-6D876E73ADDB}.Release|x64.Build.0 = Release|Any CPU
		{08D5F23E-D918-4315-863A-6D876E73ADDB}.Release|x86.ActiveCfg = Release|Any CPU
		{08D5F23E-D918-4315-863A-6D876E73ADDB}.Release|x86.Build.0 = Release|Any CPU
		{C62E7A9B-5F5E-4602-B372-02BB4F97E95E}.Debug|Any CPU.ActiveCfg = Debug|Any CPU
		{C62E7A9B-5F5E-4602-B372-02BB4F97E95E}.Debug|Any CPU.Build.0 = Debug|Any CPU
		{C62E7A9B-5F5E-4602-B372-02BB4F97E95E}.Debug|x64.ActiveCfg = Debug|Any CPU
		{C62E7A9B-5F5E-4602-B372-02BB4F97E95E}.Debug|x64.Build.0 = Debug|Any CPU
		{C62E7A9B-5F5E-4602-B372-02BB4F97E95E}.Debug|x86.ActiveCfg = Debug|Any CPU
		{C62E7A9B-5F5E-4602-B372-02BB4F97E95E}.Debug|x86.Build.0 = Debug|Any CPU
		{C62E7A9B-5F5E-4602-B372-02BB4F97E95E}.Release|Any CPU.ActiveCfg = Release|Any CPU
		{C62E7A9B-5F5E-4602-B372-02BB4F97E95E}.Release|Any CPU.Build.0 = Release|Any CPU
		{C62E7A9B-5F5E-4602-B372-02BB4F97E95E}.Release|x64.ActiveCfg = Release|Any CPU
		{C62E7A9B-5F5E-4602-B372-02BB4F97E95E}.Release|x64.Build.0 = Release|Any CPU
		{C62E7A9B-5F5E-4602-B372-02BB4F97E95E}.Release|x86.ActiveCfg = Release|Any CPU
		{C62E7A9B-5F5E-4602-B372-02BB4F97E95E}.Release|x86.Build.0 = Release|Any CPU
		{BCD3F3FD-410C-4966-B011-5B38511D88F5}.Debug|Any CPU.ActiveCfg = Debug|Any CPU
		{BCD3F3FD-410C-4966-B011-5B38511D88F5}.Debug|Any CPU.Build.0 = Debug|Any CPU
		{BCD3F3FD-410C-4966-B011-5B38511D88F5}.Debug|x64.ActiveCfg = Debug|Any CPU
		{BCD3F3FD-410C-4966-B011-5B38511D88F5}.Debug|x64.Build.0 = Debug|Any CPU
		{BCD3F3FD-410C-4966-B011-5B38511D88F5}.Debug|x86.ActiveCfg = Debug|Any CPU
		{BCD3F3FD-410C-4966-B011-5B38511D88F5}.Debug|x86.Build.0 = Debug|Any CPU
		{BCD3F3FD-410C-4966-B011-5B38511D88F5}.Release|Any CPU.ActiveCfg = Release|Any CPU
		{BCD3F3FD-410C-4966-B011-5B38511D88F5}.Release|Any CPU.Build.0 = Release|Any CPU
		{BCD3F3FD-410C-4966-B011-5B38511D88F5}.Release|x64.ActiveCfg = Release|Any CPU
		{BCD3F3FD-410C-4966-B011-5B38511D88F5}.Release|x64.Build.0 = Release|Any CPU
		{BCD3F3FD-410C-4966-B011-5B38511D88F5}.Release|x86.ActiveCfg = Release|Any CPU
		{BCD3F3FD-410C-4966-B011-5B38511D88F5}.Release|x86.Build.0 = Release|Any CPU
		{0F7F3326-F811-4735-A7B0-0DD840A0A9F7}.Debug|Any CPU.ActiveCfg = Debug|Any CPU
		{0F7F3326-F811-4735-A7B0-0DD840A0A9F7}.Debug|Any CPU.Build.0 = Debug|Any CPU
		{0F7F3326-F811-4735-A7B0-0DD840A0A9F7}.Debug|x64.ActiveCfg = Debug|Any CPU
		{0F7F3326-F811-4735-A7B0-0DD840A0A9F7}.Debug|x64.Build.0 = Debug|Any CPU
		{0F7F3326-F811-4735-A7B0-0DD840A0A9F7}.Debug|x86.ActiveCfg = Debug|Any CPU
		{0F7F3326-F811-4735-A7B0-0DD840A0A9F7}.Debug|x86.Build.0 = Debug|Any CPU
		{0F7F3326-F811-4735-A7B0-0DD840A0A9F7}.Release|Any CPU.ActiveCfg = Release|Any CPU
		{0F7F3326-F811-4735-A7B0-0DD840A0A9F7}.Release|Any CPU.Build.0 = Release|Any CPU
		{0F7F3326-F811-4735-A7B0-0DD840A0A9F7}.Release|x64.ActiveCfg = Release|Any CPU
		{0F7F3326-F811-4735-A7B0-0DD840A0A9F7}.Release|x64.Build.0 = Release|Any CPU
		{0F7F3326-F811-4735-A7B0-0DD840A0A9F7}.Release|x86.ActiveCfg = Release|Any CPU
		{0F7F3326-F811-4735-A7B0-0DD840A0A9F7}.Release|x86.Build.0 = Release|Any CPU
		{D7AB88DE-843B-453D-A417-CACEAC10230C}.Debug|Any CPU.ActiveCfg = Debug|Any CPU
		{D7AB88DE-843B-453D-A417-CACEAC10230C}.Debug|Any CPU.Build.0 = Debug|Any CPU
		{D7AB88DE-843B-453D-A417-CACEAC10230C}.Debug|x64.ActiveCfg = Debug|Any CPU
		{D7AB88DE-843B-453D-A417-CACEAC10230C}.Debug|x64.Build.0 = Debug|Any CPU
		{D7AB88DE-843B-453D-A417-CACEAC10230C}.Debug|x86.ActiveCfg = Debug|Any CPU
		{D7AB88DE-843B-453D-A417-CACEAC10230C}.Debug|x86.Build.0 = Debug|Any CPU
		{D7AB88DE-843B-453D-A417-CACEAC10230C}.Release|Any CPU.ActiveCfg = Release|Any CPU
		{D7AB88DE-843B-453D-A417-CACEAC10230C}.Release|Any CPU.Build.0 = Release|Any CPU
		{D7AB88DE-843B-453D-A417-CACEAC10230C}.Release|x64.ActiveCfg = Release|Any CPU
		{D7AB88DE-843B-453D-A417-CACEAC10230C}.Release|x64.Build.0 = Release|Any CPU
		{D7AB88DE-843B-453D-A417-CACEAC10230C}.Release|x86.ActiveCfg = Release|Any CPU
		{D7AB88DE-843B-453D-A417-CACEAC10230C}.Release|x86.Build.0 = Release|Any CPU
		{B0BF5B6D-4AD0-4B46-A7CF-A44448AA6616}.Debug|Any CPU.ActiveCfg = Debug|Any CPU
		{B0BF5B6D-4AD0-4B46-A7CF-A44448AA6616}.Debug|Any CPU.Build.0 = Debug|Any CPU
		{B0BF5B6D-4AD0-4B46-A7CF-A44448AA6616}.Debug|x64.ActiveCfg = Debug|Any CPU
		{B0BF5B6D-4AD0-4B46-A7CF-A44448AA6616}.Debug|x64.Build.0 = Debug|Any CPU
		{B0BF5B6D-4AD0-4B46-A7CF-A44448AA6616}.Debug|x86.ActiveCfg = Debug|Any CPU
		{B0BF5B6D-4AD0-4B46-A7CF-A44448AA6616}.Debug|x86.Build.0 = Debug|Any CPU
		{B0BF5B6D-4AD0-4B46-A7CF-A44448AA6616}.Release|Any CPU.ActiveCfg = Release|Any CPU
		{B0BF5B6D-4AD0-4B46-A7CF-A44448AA6616}.Release|Any CPU.Build.0 = Release|Any CPU
		{B0BF5B6D-4AD0-4B46-A7CF-A44448AA6616}.Release|x64.ActiveCfg = Release|Any CPU
		{B0BF5B6D-4AD0-4B46-A7CF-A44448AA6616}.Release|x64.Build.0 = Release|Any CPU
		{B0BF5B6D-4AD0-4B46-A7CF-A44448AA6616}.Release|x86.ActiveCfg = Release|Any CPU
		{B0BF5B6D-4AD0-4B46-A7CF-A44448AA6616}.Release|x86.Build.0 = Release|Any CPU
		{F076E85C-BE33-4CCD-A609-3C925069E679}.Debug|Any CPU.ActiveCfg = Debug|Win32
		{F076E85C-BE33-4CCD-A609-3C925069E679}.Debug|x64.ActiveCfg = Debug|x64
		{F076E85C-BE33-4CCD-A609-3C925069E679}.Debug|x64.Build.0 = Debug|x64
		{F076E85C-BE33-4CCD-A609-3C925069E679}.Debug|x86.ActiveCfg = Debug|Win32
		{F076E85C-BE33-4CCD-A609-3C925069E679}.Debug|x86.Build.0 = Debug|Win32
		{F076E85C-BE33-4CCD-A609-3C925069E679}.Release|Any CPU.ActiveCfg = Release|Win32
		{F076E85C-BE33-4CCD-A609-3C925069E679}.Release|x64.ActiveCfg = Release|x64
		{F076E85C-BE33-4CCD-A609-3C925069E679}.Release|x64.Build.0 = Release|x64
		{F076E85C-BE33-4CCD-A609-3C925069E679}.Release|x86.ActiveCfg = Release|Win32
		{F076E85C-BE33-4CCD-A609-3C925069E679}.Release|x86.Build.0 = Release|Win32
		{1FED93FF-63AD-4F3E-BDAF-F55BE68D50BC}.Debug|Any CPU.ActiveCfg = Debug|Any CPU
		{1FED93FF-63AD-4F3E-BDAF-F55BE68D50BC}.Debug|Any CPU.Build.0 = Debug|Any CPU
		{1FED93FF-63AD-4F3E-BDAF-F55BE68D50BC}.Debug|x64.ActiveCfg = Debug|Any CPU
		{1FED93FF-63AD-4F3E-BDAF-F55BE68D50BC}.Debug|x64.Build.0 = Debug|Any CPU
		{1FED93FF-63AD-4F3E-BDAF-F55BE68D50BC}.Debug|x86.ActiveCfg = Debug|Any CPU
		{1FED93FF-63AD-4F3E-BDAF-F55BE68D50BC}.Debug|x86.Build.0 = Debug|Any CPU
		{1FED93FF-63AD-4F3E-BDAF-F55BE68D50BC}.Release|Any CPU.ActiveCfg = Release|Any CPU
		{1FED93FF-63AD-4F3E-BDAF-F55BE68D50BC}.Release|Any CPU.Build.0 = Release|Any CPU
		{1FED93FF-63AD-4F3E-BDAF-F55BE68D50BC}.Release|x64.ActiveCfg = Release|Any CPU
		{1FED93FF-63AD-4F3E-BDAF-F55BE68D50BC}.Release|x64.Build.0 = Release|Any CPU
		{1FED93FF-63AD-4F3E-BDAF-F55BE68D50BC}.Release|x86.ActiveCfg = Release|Any CPU
		{1FED93FF-63AD-4F3E-BDAF-F55BE68D50BC}.Release|x86.Build.0 = Release|Any CPU
		{B5EE710A-425C-42DB-8500-F1D81A4096A7}.Debug|Any CPU.ActiveCfg = Debug|Win32
		{B5EE710A-425C-42DB-8500-F1D81A4096A7}.Debug|x64.ActiveCfg = Debug|x64
		{B5EE710A-425C-42DB-8500-F1D81A4096A7}.Debug|x64.Build.0 = Debug|x64
		{B5EE710A-425C-42DB-8500-F1D81A4096A7}.Debug|x86.ActiveCfg = Debug|Win32
		{B5EE710A-425C-42DB-8500-F1D81A4096A7}.Debug|x86.Build.0 = Debug|Win32
		{B5EE710A-425C-42DB-8500-F1D81A4096A7}.Release|Any CPU.ActiveCfg = Release|Win32
		{B5EE710A-425C-42DB-8500-F1D81A4096A7}.Release|x64.ActiveCfg = Release|x64
		{B5EE710A-425C-42DB-8500-F1D81A4096A7}.Release|x64.Build.0 = Release|x64
		{B5EE710A-425C-42DB-8500-F1D81A4096A7}.Release|x86.ActiveCfg = Release|Win32
		{B5EE710A-425C-42DB-8500-F1D81A4096A7}.Release|x86.Build.0 = Release|Win32
		{597F27A6-4FA4-4EE7-85EB-A013B6F3CC3C}.Debug|Any CPU.ActiveCfg = Debug|Any CPU
		{597F27A6-4FA4-4EE7-85EB-A013B6F3CC3C}.Debug|Any CPU.Build.0 = Debug|Any CPU
		{597F27A6-4FA4-4EE7-85EB-A013B6F3CC3C}.Debug|x64.ActiveCfg = Debug|Any CPU
		{597F27A6-4FA4-4EE7-85EB-A013B6F3CC3C}.Debug|x64.Build.0 = Debug|Any CPU
		{597F27A6-4FA4-4EE7-85EB-A013B6F3CC3C}.Debug|x86.ActiveCfg = Debug|Any CPU
		{597F27A6-4FA4-4EE7-85EB-A013B6F3CC3C}.Debug|x86.Build.0 = Debug|Any CPU
		{597F27A6-4FA4-4EE7-85EB-A013B6F3CC3C}.Release|Any CPU.ActiveCfg = Release|Any CPU
		{597F27A6-4FA4-4EE7-85EB-A013B6F3CC3C}.Release|Any CPU.Build.0 = Release|Any CPU
		{597F27A6-4FA4-4EE7-85EB-A013B6F3CC3C}.Release|x64.ActiveCfg = Release|Any CPU
		{597F27A6-4FA4-4EE7-85EB-A013B6F3CC3C}.Release|x64.Build.0 = Release|Any CPU
		{597F27A6-4FA4-4EE7-85EB-A013B6F3CC3C}.Release|x86.ActiveCfg = Release|Any CPU
		{597F27A6-4FA4-4EE7-85EB-A013B6F3CC3C}.Release|x86.Build.0 = Release|Any CPU
		{1FF5BB8D-375A-41D8-8E24-EED95C391D31}.Debug|Any CPU.ActiveCfg = Debug|Any CPU
		{1FF5BB8D-375A-41D8-8E24-EED95C391D31}.Debug|Any CPU.Build.0 = Debug|Any CPU
		{1FF5BB8D-375A-41D8-8E24-EED95C391D31}.Debug|x64.ActiveCfg = Debug|Any CPU
		{1FF5BB8D-375A-41D8-8E24-EED95C391D31}.Debug|x64.Build.0 = Debug|Any CPU
		{1FF5BB8D-375A-41D8-8E24-EED95C391D31}.Debug|x86.ActiveCfg = Debug|Any CPU
		{1FF5BB8D-375A-41D8-8E24-EED95C391D31}.Debug|x86.Build.0 = Debug|Any CPU
		{1FF5BB8D-375A-41D8-8E24-EED95C391D31}.Release|Any CPU.ActiveCfg = Release|Any CPU
		{1FF5BB8D-375A-41D8-8E24-EED95C391D31}.Release|Any CPU.Build.0 = Release|Any CPU
		{1FF5BB8D-375A-41D8-8E24-EED95C391D31}.Release|x64.ActiveCfg = Release|Any CPU
		{1FF5BB8D-375A-41D8-8E24-EED95C391D31}.Release|x64.Build.0 = Release|Any CPU
		{1FF5BB8D-375A-41D8-8E24-EED95C391D31}.Release|x86.ActiveCfg = Release|Any CPU
		{1FF5BB8D-375A-41D8-8E24-EED95C391D31}.Release|x86.Build.0 = Release|Any CPU
		{88369225-9A84-46A6-B544-4CC2E627CC99}.Debug|Any CPU.ActiveCfg = Debug|Any CPU
		{88369225-9A84-46A6-B544-4CC2E627CC99}.Debug|Any CPU.Build.0 = Debug|Any CPU
		{88369225-9A84-46A6-B544-4CC2E627CC99}.Debug|x64.ActiveCfg = Debug|Any CPU
		{88369225-9A84-46A6-B544-4CC2E627CC99}.Debug|x64.Build.0 = Debug|Any CPU
		{88369225-9A84-46A6-B544-4CC2E627CC99}.Debug|x86.ActiveCfg = Debug|Any CPU
		{88369225-9A84-46A6-B544-4CC2E627CC99}.Debug|x86.Build.0 = Debug|Any CPU
		{88369225-9A84-46A6-B544-4CC2E627CC99}.Release|Any CPU.ActiveCfg = Release|Any CPU
		{88369225-9A84-46A6-B544-4CC2E627CC99}.Release|Any CPU.Build.0 = Release|Any CPU
		{88369225-9A84-46A6-B544-4CC2E627CC99}.Release|x64.ActiveCfg = Release|Any CPU
		{88369225-9A84-46A6-B544-4CC2E627CC99}.Release|x64.Build.0 = Release|Any CPU
		{88369225-9A84-46A6-B544-4CC2E627CC99}.Release|x86.ActiveCfg = Release|Any CPU
		{88369225-9A84-46A6-B544-4CC2E627CC99}.Release|x86.Build.0 = Release|Any CPU
		{90139834-CDB3-467C-92C2-3DC3CC11A280}.Debug|Any CPU.ActiveCfg = Debug|Any CPU
		{90139834-CDB3-467C-92C2-3DC3CC11A280}.Debug|Any CPU.Build.0 = Debug|Any CPU
		{90139834-CDB3-467C-92C2-3DC3CC11A280}.Debug|x64.ActiveCfg = Debug|Any CPU
		{90139834-CDB3-467C-92C2-3DC3CC11A280}.Debug|x64.Build.0 = Debug|Any CPU
		{90139834-CDB3-467C-92C2-3DC3CC11A280}.Debug|x86.ActiveCfg = Debug|Any CPU
		{90139834-CDB3-467C-92C2-3DC3CC11A280}.Debug|x86.Build.0 = Debug|Any CPU
		{90139834-CDB3-467C-92C2-3DC3CC11A280}.Release|Any CPU.ActiveCfg = Release|Any CPU
		{90139834-CDB3-467C-92C2-3DC3CC11A280}.Release|Any CPU.Build.0 = Release|Any CPU
		{90139834-CDB3-467C-92C2-3DC3CC11A280}.Release|x64.ActiveCfg = Release|Any CPU
		{90139834-CDB3-467C-92C2-3DC3CC11A280}.Release|x64.Build.0 = Release|Any CPU
		{90139834-CDB3-467C-92C2-3DC3CC11A280}.Release|x86.ActiveCfg = Release|Any CPU
		{90139834-CDB3-467C-92C2-3DC3CC11A280}.Release|x86.Build.0 = Release|Any CPU
		{10C1951C-F506-404D-92B2-0A724DA7150C}.Debug|Any CPU.ActiveCfg = Debug|Any CPU
		{10C1951C-F506-404D-92B2-0A724DA7150C}.Debug|Any CPU.Build.0 = Debug|Any CPU
		{10C1951C-F506-404D-92B2-0A724DA7150C}.Debug|x64.ActiveCfg = Debug|Any CPU
		{10C1951C-F506-404D-92B2-0A724DA7150C}.Debug|x64.Build.0 = Debug|Any CPU
		{10C1951C-F506-404D-92B2-0A724DA7150C}.Debug|x86.ActiveCfg = Debug|Any CPU
		{10C1951C-F506-404D-92B2-0A724DA7150C}.Debug|x86.Build.0 = Debug|Any CPU
		{10C1951C-F506-404D-92B2-0A724DA7150C}.Release|Any CPU.ActiveCfg = Release|Any CPU
		{10C1951C-F506-404D-92B2-0A724DA7150C}.Release|Any CPU.Build.0 = Release|Any CPU
		{10C1951C-F506-404D-92B2-0A724DA7150C}.Release|x64.ActiveCfg = Release|Any CPU
		{10C1951C-F506-404D-92B2-0A724DA7150C}.Release|x64.Build.0 = Release|Any CPU
		{10C1951C-F506-404D-92B2-0A724DA7150C}.Release|x86.ActiveCfg = Release|Any CPU
		{10C1951C-F506-404D-92B2-0A724DA7150C}.Release|x86.Build.0 = Release|Any CPU
		{445E88FB-8779-43E0-8114-7C221155FC8B}.Debug|Any CPU.ActiveCfg = Debug|Any CPU
		{445E88FB-8779-43E0-8114-7C221155FC8B}.Debug|Any CPU.Build.0 = Debug|Any CPU
		{445E88FB-8779-43E0-8114-7C221155FC8B}.Debug|x64.ActiveCfg = Debug|Any CPU
		{445E88FB-8779-43E0-8114-7C221155FC8B}.Debug|x64.Build.0 = Debug|Any CPU
		{445E88FB-8779-43E0-8114-7C221155FC8B}.Debug|x86.ActiveCfg = Debug|Any CPU
		{445E88FB-8779-43E0-8114-7C221155FC8B}.Debug|x86.Build.0 = Debug|Any CPU
		{445E88FB-8779-43E0-8114-7C221155FC8B}.Release|Any CPU.ActiveCfg = Release|Any CPU
		{445E88FB-8779-43E0-8114-7C221155FC8B}.Release|Any CPU.Build.0 = Release|Any CPU
		{445E88FB-8779-43E0-8114-7C221155FC8B}.Release|x64.ActiveCfg = Release|Any CPU
		{445E88FB-8779-43E0-8114-7C221155FC8B}.Release|x64.Build.0 = Release|Any CPU
		{445E88FB-8779-43E0-8114-7C221155FC8B}.Release|x86.ActiveCfg = Release|Any CPU
		{445E88FB-8779-43E0-8114-7C221155FC8B}.Release|x86.Build.0 = Release|Any CPU
		{5D412F64-F39B-4870-AB37-AF80DA28BC3C}.Debug|Any CPU.ActiveCfg = Debug|Any CPU
		{5D412F64-F39B-4870-AB37-AF80DA28BC3C}.Debug|Any CPU.Build.0 = Debug|Any CPU
		{5D412F64-F39B-4870-AB37-AF80DA28BC3C}.Debug|x64.ActiveCfg = Debug|Any CPU
		{5D412F64-F39B-4870-AB37-AF80DA28BC3C}.Debug|x64.Build.0 = Debug|Any CPU
		{5D412F64-F39B-4870-AB37-AF80DA28BC3C}.Debug|x86.ActiveCfg = Debug|Any CPU
		{5D412F64-F39B-4870-AB37-AF80DA28BC3C}.Debug|x86.Build.0 = Debug|Any CPU
		{5D412F64-F39B-4870-AB37-AF80DA28BC3C}.Release|Any CPU.ActiveCfg = Release|Any CPU
		{5D412F64-F39B-4870-AB37-AF80DA28BC3C}.Release|Any CPU.Build.0 = Release|Any CPU
		{5D412F64-F39B-4870-AB37-AF80DA28BC3C}.Release|x64.ActiveCfg = Release|Any CPU
		{5D412F64-F39B-4870-AB37-AF80DA28BC3C}.Release|x64.Build.0 = Release|Any CPU
		{5D412F64-F39B-4870-AB37-AF80DA28BC3C}.Release|x86.ActiveCfg = Release|Any CPU
		{5D412F64-F39B-4870-AB37-AF80DA28BC3C}.Release|x86.Build.0 = Release|Any CPU
	EndGlobalSection
	GlobalSection(SolutionProperties) = preSolution
		HideSolutionNode = FALSE
	EndGlobalSection
	GlobalSection(NestedProjects) = preSolution
		{0B3CD646-CBC9-4417-99AC-50C2E1BAE893} = {D3B7B077-934C-4005-979D-5380588CC6AF}
		{CE5A65DB-6F12-477B-BB9E-2A082C3C97C2} = {D3B7B077-934C-4005-979D-5380588CC6AF}
		{2AEDF58F-5BF6-4FFA-8772-F36958F2E682} = {D3B7B077-934C-4005-979D-5380588CC6AF}
		{EA67EF67-F7C3-4A0A-A1DF-BCDCF6B86A7E} = {D3B7B077-934C-4005-979D-5380588CC6AF}
		{809D327A-D564-446C-A17C-B1F53F1B6584} = {D3B7B077-934C-4005-979D-5380588CC6AF}
		{E0D67E9E-5B5A-4F03-B76A-75BCB36644F6} = {D3B7B077-934C-4005-979D-5380588CC6AF}
		{EF8CF672-1DCD-4914-BD29-C681F3A0D605} = {D3B7B077-934C-4005-979D-5380588CC6AF}
		{4CD320A6-2384-479E-A700-06B3A950DCB6} = {D3B7B077-934C-4005-979D-5380588CC6AF}
		{4E9A6CA9-7589-4A6E-A031-D96A0119EE81} = {D3B7B077-934C-4005-979D-5380588CC6AF}
		{0171A086-E5C3-4CD8-A937-7D45CD079648} = {D3B7B077-934C-4005-979D-5380588CC6AF}
		{7D2B846A-C014-472D-8155-E32C0DE5C88F} = {D3B7B077-934C-4005-979D-5380588CC6AF}
		{5EBF0DBF-66AF-49E8-88F5-42A5E546479D} = {D3B7B077-934C-4005-979D-5380588CC6AF}
		{2C5B2064-672E-4202-BFC4-EBF7E2D3A8EA} = {D3B7B077-934C-4005-979D-5380588CC6AF}
		{D2342BE6-00E5-414C-937D-14B6B728C2AB} = {D3B7B077-934C-4005-979D-5380588CC6AF}
		{A8366A93-FD7B-48E9-8873-C3472BF296B6} = {D3B7B077-934C-4005-979D-5380588CC6AF}
		{07C81664-2856-4380-A58D-BC8A144FA10F} = {D3B7B077-934C-4005-979D-5380588CC6AF}
		{028C08B5-C329-484A-9F77-A290A091E5C6} = {D3B7B077-934C-4005-979D-5380588CC6AF}
		{9220766F-2318-4849-85A3-2FF2E0FA391E} = {D3B7B077-934C-4005-979D-5380588CC6AF}
		{8BFA4FBA-A0BC-476E-BE92-FFB8CBED98EE} = {D3B7B077-934C-4005-979D-5380588CC6AF}
		{05216FDD-8539-4425-9C73-627EF0AD209D} = {D3B7B077-934C-4005-979D-5380588CC6AF}
		{CD90CC8D-0D82-4385-A3C3-BC6C1855AA41} = {D3B7B077-934C-4005-979D-5380588CC6AF}
		{2628479C-98A3-4ED2-8D67-703BF5821D30} = {D3B7B077-934C-4005-979D-5380588CC6AF}
		{860A72DF-1D88-4494-9883-ED7979C51A39} = {D3B7B077-934C-4005-979D-5380588CC6AF}
		{5947FB55-7D2A-445A-9962-88AAEAB74BDB} = {D3B7B077-934C-4005-979D-5380588CC6AF}
		{706B5D46-DE5E-403F-9450-3245C1A597FE} = {D3B7B077-934C-4005-979D-5380588CC6AF}
		{A457198B-5428-4F8D-842D-F6B0D2275EC5} = {D3B7B077-934C-4005-979D-5380588CC6AF}
		{DF0F94F2-8EBA-4E05-84C2-DBFC472DACB6} = {D3B7B077-934C-4005-979D-5380588CC6AF}
		{D4D767C8-739A-408A-9897-09935F0981B4} = {D3B7B077-934C-4005-979D-5380588CC6AF}
		{5702E9E5-CD03-461C-AE85-4022CA45F602} = {D3B7B077-934C-4005-979D-5380588CC6AF}
		{2F880F36-9D09-4F65-AE1D-082CA112EDE5} = {D3B7B077-934C-4005-979D-5380588CC6AF}
		{4D715448-13E4-44BD-86C0-78581BB0D9B4} = {D3B7B077-934C-4005-979D-5380588CC6AF}
		{2F2E1726-E7A9-45AA-9CBB-7D4DBE89D636} = {D3B7B077-934C-4005-979D-5380588CC6AF}
		{682527BE-8E30-461B-B56B-91900F9E5040} = {D3B7B077-934C-4005-979D-5380588CC6AF}
		{C91CE339-E55A-4122-809B-BBA38658A48C} = {D3B7B077-934C-4005-979D-5380588CC6AF}
		{E3A0841B-FAE9-412D-A732-3EB8D3DF7AE4} = {D3B7B077-934C-4005-979D-5380588CC6AF}
		{563A080E-B11D-4865-A1B6-910BD539BE34} = {D3B7B077-934C-4005-979D-5380588CC6AF}
		{01276C2A-7BCD-4770-9C69-B8282937ABA1} = {D3B7B077-934C-4005-979D-5380588CC6AF}
		{6BB07199-9B1B-460F-9B38-84EBCE8A82CB} = {D3B7B077-934C-4005-979D-5380588CC6AF}
		{2B337BA6-A63D-4381-B61E-07910813FCC2} = {D3B7B077-934C-4005-979D-5380588CC6AF}
		{7101C7AB-A908-4356-AD2E-ED01014A89BC} = {D3B7B077-934C-4005-979D-5380588CC6AF}
		{08BDACD7-3B7A-4BC7-A54F-5A1516F8F48C} = {D3B7B077-934C-4005-979D-5380588CC6AF}
		{818AEF18-0F51-44CC-A6FD-5594893B2563} = {D3B7B077-934C-4005-979D-5380588CC6AF}
		{988D70D8-39E4-4BFA-8B74-871D5659405A} = {D3B7B077-934C-4005-979D-5380588CC6AF}
		{AA66D3C9-A84A-4244-87ED-7A0ABE3CFC35} = {D3B7B077-934C-4005-979D-5380588CC6AF}
		{D180936B-F36C-49EF-98FF-B9A602B925C6} = {D3B7B077-934C-4005-979D-5380588CC6AF}
		{EFD342BC-1C6A-4690-B027-179D54CD7AF4} = {D3B7B077-934C-4005-979D-5380588CC6AF}
		{ECE2AD1E-11B0-4B22-93A5-1C89536647D4} = {D3B7B077-934C-4005-979D-5380588CC6AF}
		{AB97B3F6-E682-4685-9110-57C2DC52BCB8} = {D3B7B077-934C-4005-979D-5380588CC6AF}
		{25D1C134-BC58-4BD4-B502-224704556836} = {D3B7B077-934C-4005-979D-5380588CC6AF}
		{1B5D66E5-21A5-4A3A-AC45-55B4CAE9BA6B} = {D3B7B077-934C-4005-979D-5380588CC6AF}
		{08D5F23E-D918-4315-863A-6D876E73ADDB} = {D3B7B077-934C-4005-979D-5380588CC6AF}
		{C62E7A9B-5F5E-4602-B372-02BB4F97E95E} = {D3B7B077-934C-4005-979D-5380588CC6AF}
		{BCD3F3FD-410C-4966-B011-5B38511D88F5} = {D3B7B077-934C-4005-979D-5380588CC6AF}
		{0F7F3326-F811-4735-A7B0-0DD840A0A9F7} = {7C26885B-FFFD-48CD-9BF0-A96BDC8CFBB3}
		{D7AB88DE-843B-453D-A417-CACEAC10230C} = {D3B7B077-934C-4005-979D-5380588CC6AF}
		{B0BF5B6D-4AD0-4B46-A7CF-A44448AA6616} = {D3B7B077-934C-4005-979D-5380588CC6AF}
		{F076E85C-BE33-4CCD-A609-3C925069E679} = {D3B7B077-934C-4005-979D-5380588CC6AF}
		{1FED93FF-63AD-4F3E-BDAF-F55BE68D50BC} = {D3B7B077-934C-4005-979D-5380588CC6AF}
		{B5EE710A-425C-42DB-8500-F1D81A4096A7} = {D3B7B077-934C-4005-979D-5380588CC6AF}
		{597F27A6-4FA4-4EE7-85EB-A013B6F3CC3C} = {D3B7B077-934C-4005-979D-5380588CC6AF}
		{1FF5BB8D-375A-41D8-8E24-EED95C391D31} = {D3B7B077-934C-4005-979D-5380588CC6AF}
		{88369225-9A84-46A6-B544-4CC2E627CC99} = {D3B7B077-934C-4005-979D-5380588CC6AF}
		{90139834-CDB3-467C-92C2-3DC3CC11A280} = {D3B7B077-934C-4005-979D-5380588CC6AF}
		{10C1951C-F506-404D-92B2-0A724DA7150C} = {D3B7B077-934C-4005-979D-5380588CC6AF}
		{445E88FB-8779-43E0-8114-7C221155FC8B} = {D3B7B077-934C-4005-979D-5380588CC6AF}
		{5D412F64-F39B-4870-AB37-AF80DA28BC3C} = {D3B7B077-934C-4005-979D-5380588CC6AF}
	EndGlobalSection
EndGlobal
