
Microsoft Visual Studio Solution File, Format Version 12.00
# Visual Studio 14
VisualStudioVersion = 14.0.23107.0
MinimumVisualStudioVersion = 10.0.40219.1
Project("{8BC9CEB8-8B4A-11D0-8D11-00A0C91BC942}") = "PRIME_T", "PRIME_T\PRIME_T.vcxproj", "{0B3CD646-CBC9-4417-99AC-50C2E1BAE893}"
EndProject
Project("{8BC9CEB8-8B4A-11D0-8D11-00A0C91BC942}") = "PRZEDSZK", "PRZEDSZK\PRZEDSZK.vcxproj", "{CE5A65DB-6F12-477B-BB9E-2A082C3C97C2}"
EndProject
Project("{8BC9CEB8-8B4A-11D0-8D11-00A0C91BC942}") = "PP0501A", "PP0501A\PP0501A.vcxproj", "{2AEDF58F-5BF6-4FFA-8772-F36958F2E682}"
EndProject
Project("{8BC9CEB8-8B4A-11D0-8D11-00A0C91BC942}") = "EUCGAME", "EUCGAME\EUCGAME.vcxproj", "{EA67EF67-F7C3-4A0A-A1DF-BCDCF6B86A7E}"
EndProject
Project("{FAE04EC0-301F-11D3-BF4B-00C04F79EFBC}") = "FR_02_06", "FR_02_06\FR_02_06.csproj", "{809D327A-D564-446C-A17C-B1F53F1B6584}"
EndProject
Project("{8BC9CEB8-8B4A-11D0-8D11-00A0C91BC942}") = "RNO_DOD", "RNO_DOD\RNO_DOD.vcxproj", "{E0D67E9E-5B5A-4F03-B76A-75BCB36644F6}"
EndProject
Project("{8BC9CEB8-8B4A-11D0-8D11-00A0C91BC942}") = "TABLICA", "TABLICA\TABLICA.vcxproj", "{EF8CF672-1DCD-4914-BD29-C681F3A0D605}"
EndProject
Project("{FAE04EC0-301F-11D3-BF4B-00C04F79EFBC}") = "BFN1", "BFN1\BFN1.csproj", "{4CD320A6-2384-479E-A700-06B3A950DCB6}"
EndProject
Project("{FAE04EC0-301F-11D3-BF4B-00C04F79EFBC}") = "FCTRL3", "FCTRL3\FCTRL3.csproj", "{4E9A6CA9-7589-4A6E-A031-D96A0119EE81}"
EndProject
Project("{FAE04EC0-301F-11D3-BF4B-00C04F79EFBC}") = "PA05_POT", "PA05_POT\PA05_POT.csproj", "{0171A086-E5C3-4CD8-A937-7D45CD079648}"
EndProject
Project("{FAE04EC0-301F-11D3-BF4B-00C04F79EFBC}") = "FLAMASTE", "FLAMASTE\FLAMASTE.csproj", "{7D2B846A-C014-472D-8155-E32C0DE5C88F}"
EndProject
Project("{FAE04EC0-301F-11D3-BF4B-00C04F79EFBC}") = "PP0502B", "PP0502B\PP0502B.csproj", "{5EBF0DBF-66AF-49E8-88F5-42A5E546479D}"
EndProject
Project("{FAE04EC0-301F-11D3-BF4B-00C04F79EFBC}") = "ETI06F1", "ETI06F1\ETI06F1.csproj", "{2C5B2064-672E-4202-BFC4-EBF7E2D3A8EA}"
EndProject
Project("{FAE04EC0-301F-11D3-BF4B-00C04F79EFBC}") = "PP0504B", "PP0504B\PP0504B.csproj", "{D2342BE6-00E5-414C-937D-14B6B728C2AB}"
EndProject
Project("{FAE04EC0-301F-11D3-BF4B-00C04F79EFBC}") = "PP0504D", "PP0504D\PP0504D.csproj", "{A8366A93-FD7B-48E9-8873-C3472BF296B6}"
EndProject
Project("{FAE04EC0-301F-11D3-BF4B-00C04F79EFBC}") = "GLUTTON", "GLUTTON\GLUTTON.csproj", "{07C81664-2856-4380-A58D-BC8A144FA10F}"
EndProject
Project("{FAE04EC0-301F-11D3-BF4B-00C04F79EFBC}") = "PP0506A", "PP0506A\PP0506A.csproj", "{028C08B5-C329-484A-9F77-A290A091E5C6}"
EndProject
Project("{2150E333-8FDC-42A3-9474-1A3956D46DE8}") = "easy", "easy", "{D3B7B077-934C-4005-979D-5380588CC6AF}"
EndProject
Project("{2150E333-8FDC-42A3-9474-1A3956D46DE8}") = "medium", "medium", "{7C26885B-FFFD-48CD-9BF0-A96BDC8CFBB3}"
EndProject
Project("{2150E333-8FDC-42A3-9474-1A3956D46DE8}") = "hard", "hard", "{9E6FC653-39E1-4F5C-9908-5CE73B2C6CBD}"
EndProject
Project("{FAE04EC0-301F-11D3-BF4B-00C04F79EFBC}") = "SKARBFI", "SKARBFI\SKARBFI.csproj", "{9220766F-2318-4849-85A3-2FF2E0FA391E}"
EndProject
Project("{FAE04EC0-301F-11D3-BF4B-00C04F79EFBC}") = "PTCLTZ", "PTCLTZ\PTCLTZ.csproj", "{8BFA4FBA-A0BC-476E-BE92-FFB8CBED98EE}"
EndProject
Project("{FAE04EC0-301F-11D3-BF4B-00C04F79EFBC}") = "PTROL", "PTROL\PTROL.csproj", "{05216FDD-8539-4425-9C73-627EF0AD209D}"
EndProject
Project("{FAE04EC0-301F-11D3-BF4B-00C04F79EFBC}") = "PTEST", "PTEST\PTEST.csproj", "{CD90CC8D-0D82-4385-A3C3-BC6C1855AA41}"
EndProject
Project("{FAE04EC0-301F-11D3-BF4B-00C04F79EFBC}") = "FANGEN", "FANGEN\FANGEN.csproj", "{BDB32AB1-4827-4DD2-AE1D-07518E469BA3}"
EndProject
Project("{8BC9CEB8-8B4A-11D0-8D11-00A0C91BC942}") = "FANGENcpp", "FANGENcpp\FANGENcpp.vcxproj", "{2628479C-98A3-4ED2-8D67-703BF5821D30}"
EndProject
Global
	GlobalSection(SolutionConfigurationPlatforms) = preSolution
		Debug|Any CPU = Debug|Any CPU
		Debug|x64 = Debug|x64
		Debug|x86 = Debug|x86
		Release|Any CPU = Release|Any CPU
		Release|x64 = Release|x64
		Release|x86 = Release|x86
	EndGlobalSection
	GlobalSection(ProjectConfigurationPlatforms) = postSolution
		{0B3CD646-CBC9-4417-99AC-50C2E1BAE893}.Debug|Any CPU.ActiveCfg = Debug|Win32
		{0B3CD646-CBC9-4417-99AC-50C2E1BAE893}.Debug|x64.ActiveCfg = Debug|x64
		{0B3CD646-CBC9-4417-99AC-50C2E1BAE893}.Debug|x64.Build.0 = Debug|x64
		{0B3CD646-CBC9-4417-99AC-50C2E1BAE893}.Debug|x86.ActiveCfg = Debug|Win32
		{0B3CD646-CBC9-4417-99AC-50C2E1BAE893}.Debug|x86.Build.0 = Debug|Win32
		{0B3CD646-CBC9-4417-99AC-50C2E1BAE893}.Release|Any CPU.ActiveCfg = Release|Win32
		{0B3CD646-CBC9-4417-99AC-50C2E1BAE893}.Release|x64.ActiveCfg = Release|x64
		{0B3CD646-CBC9-4417-99AC-50C2E1BAE893}.Release|x64.Build.0 = Release|x64
		{0B3CD646-CBC9-4417-99AC-50C2E1BAE893}.Release|x86.ActiveCfg = Release|Win32
		{0B3CD646-CBC9-4417-99AC-50C2E1BAE893}.Release|x86.Build.0 = Release|Win32
		{CE5A65DB-6F12-477B-BB9E-2A082C3C97C2}.Debug|Any CPU.ActiveCfg = Debug|Win32
		{CE5A65DB-6F12-477B-BB9E-2A082C3C97C2}.Debug|x64.ActiveCfg = Debug|x64
		{CE5A65DB-6F12-477B-BB9E-2A082C3C97C2}.Debug|x64.Build.0 = Debug|x64
		{CE5A65DB-6F12-477B-BB9E-2A082C3C97C2}.Debug|x86.ActiveCfg = Debug|Win32
		{CE5A65DB-6F12-477B-BB9E-2A082C3C97C2}.Debug|x86.Build.0 = Debug|Win32
		{CE5A65DB-6F12-477B-BB9E-2A082C3C97C2}.Release|Any CPU.ActiveCfg = Release|Win32
		{CE5A65DB-6F12-477B-BB9E-2A082C3C97C2}.Release|x64.ActiveCfg = Release|x64
		{CE5A65DB-6F12-477B-BB9E-2A082C3C97C2}.Release|x64.Build.0 = Release|x64
		{CE5A65DB-6F12-477B-BB9E-2A082C3C97C2}.Release|x86.ActiveCfg = Release|Win32
		{CE5A65DB-6F12-477B-BB9E-2A082C3C97C2}.Release|x86.Build.0 = Release|Win32
		{2AEDF58F-5BF6-4FFA-8772-F36958F2E682}.Debug|Any CPU.ActiveCfg = Debug|Win32
		{2AEDF58F-5BF6-4FFA-8772-F36958F2E682}.Debug|x64.ActiveCfg = Debug|x64
		{2AEDF58F-5BF6-4FFA-8772-F36958F2E682}.Debug|x64.Build.0 = Debug|x64
		{2AEDF58F-5BF6-4FFA-8772-F36958F2E682}.Debug|x86.ActiveCfg = Debug|Win32
		{2AEDF58F-5BF6-4FFA-8772-F36958F2E682}.Debug|x86.Build.0 = Debug|Win32
		{2AEDF58F-5BF6-4FFA-8772-F36958F2E682}.Release|Any CPU.ActiveCfg = Release|Win32
		{2AEDF58F-5BF6-4FFA-8772-F36958F2E682}.Release|x64.ActiveCfg = Release|x64
		{2AEDF58F-5BF6-4FFA-8772-F36958F2E682}.Release|x64.Build.0 = Release|x64
		{2AEDF58F-5BF6-4FFA-8772-F36958F2E682}.Release|x86.ActiveCfg = Release|Win32
		{2AEDF58F-5BF6-4FFA-8772-F36958F2E682}.Release|x86.Build.0 = Release|Win32
		{EA67EF67-F7C3-4A0A-A1DF-BCDCF6B86A7E}.Debug|Any CPU.ActiveCfg = Debug|Win32
		{EA67EF67-F7C3-4A0A-A1DF-BCDCF6B86A7E}.Debug|x64.ActiveCfg = Debug|x64
		{EA67EF67-F7C3-4A0A-A1DF-BCDCF6B86A7E}.Debug|x64.Build.0 = Debug|x64
		{EA67EF67-F7C3-4A0A-A1DF-BCDCF6B86A7E}.Debug|x86.ActiveCfg = Debug|Win32
		{EA67EF67-F7C3-4A0A-A1DF-BCDCF6B86A7E}.Debug|x86.Build.0 = Debug|Win32
		{EA67EF67-F7C3-4A0A-A1DF-BCDCF6B86A7E}.Release|Any CPU.ActiveCfg = Release|Win32
		{EA67EF67-F7C3-4A0A-A1DF-BCDCF6B86A7E}.Release|x64.ActiveCfg = Release|x64
		{EA67EF67-F7C3-4A0A-A1DF-BCDCF6B86A7E}.Release|x64.Build.0 = Release|x64
		{EA67EF67-F7C3-4A0A-A1DF-BCDCF6B86A7E}.Release|x86.ActiveCfg = Release|Win32
		{EA67EF67-F7C3-4A0A-A1DF-BCDCF6B86A7E}.Release|x86.Build.0 = Release|Win32
		{809D327A-D564-446C-A17C-B1F53F1B6584}.Debug|Any CPU.ActiveCfg = Debug|Any CPU
		{809D327A-D564-446C-A17C-B1F53F1B6584}.Debug|Any CPU.Build.0 = Debug|Any CPU
		{809D327A-D564-446C-A17C-B1F53F1B6584}.Debug|x64.ActiveCfg = Debug|Any CPU
		{809D327A-D564-446C-A17C-B1F53F1B6584}.Debug|x64.Build.0 = Debug|Any CPU
		{809D327A-D564-446C-A17C-B1F53F1B6584}.Debug|x86.ActiveCfg = Debug|Any CPU
		{809D327A-D564-446C-A17C-B1F53F1B6584}.Debug|x86.Build.0 = Debug|Any CPU
		{809D327A-D564-446C-A17C-B1F53F1B6584}.Release|Any CPU.ActiveCfg = Release|Any CPU
		{809D327A-D564-446C-A17C-B1F53F1B6584}.Release|Any CPU.Build.0 = Release|Any CPU
		{809D327A-D564-446C-A17C-B1F53F1B6584}.Release|x64.ActiveCfg = Release|Any CPU
		{809D327A-D564-446C-A17C-B1F53F1B6584}.Release|x64.Build.0 = Release|Any CPU
		{809D327A-D564-446C-A17C-B1F53F1B6584}.Release|x86.ActiveCfg = Release|Any CPU
		{809D327A-D564-446C-A17C-B1F53F1B6584}.Release|x86.Build.0 = Release|Any CPU
		{E0D67E9E-5B5A-4F03-B76A-75BCB36644F6}.Debug|Any CPU.ActiveCfg = Debug|Win32
		{E0D67E9E-5B5A-4F03-B76A-75BCB36644F6}.Debug|x64.ActiveCfg = Debug|Win32
		{E0D67E9E-5B5A-4F03-B76A-75BCB36644F6}.Debug|x86.ActiveCfg = Debug|Win32
		{E0D67E9E-5B5A-4F03-B76A-75BCB36644F6}.Debug|x86.Build.0 = Debug|Win32
		{E0D67E9E-5B5A-4F03-B76A-75BCB36644F6}.Release|Any CPU.ActiveCfg = Release|Win32
		{E0D67E9E-5B5A-4F03-B76A-75BCB36644F6}.Release|x64.ActiveCfg = Release|Win32
		{E0D67E9E-5B5A-4F03-B76A-75BCB36644F6}.Release|x86.ActiveCfg = Release|Win32
		{E0D67E9E-5B5A-4F03-B76A-75BCB36644F6}.Release|x86.Build.0 = Release|Win32
		{EF8CF672-1DCD-4914-BD29-C681F3A0D605}.Debug|Any CPU.ActiveCfg = Debug|Win32
		{EF8CF672-1DCD-4914-BD29-C681F3A0D605}.Debug|x64.ActiveCfg = Debug|Win32
		{EF8CF672-1DCD-4914-BD29-C681F3A0D605}.Debug|x86.ActiveCfg = Debug|Win32
		{EF8CF672-1DCD-4914-BD29-C681F3A0D605}.Debug|x86.Build.0 = Debug|Win32
		{EF8CF672-1DCD-4914-BD29-C681F3A0D605}.Release|Any CPU.ActiveCfg = Release|Win32
		{EF8CF672-1DCD-4914-BD29-C681F3A0D605}.Release|x64.ActiveCfg = Release|Win32
		{EF8CF672-1DCD-4914-BD29-C681F3A0D605}.Release|x86.ActiveCfg = Release|Win32
		{EF8CF672-1DCD-4914-BD29-C681F3A0D605}.Release|x86.Build.0 = Release|Win32
		{4CD320A6-2384-479E-A700-06B3A950DCB6}.Debug|Any CPU.ActiveCfg = Debug|Any CPU
		{4CD320A6-2384-479E-A700-06B3A950DCB6}.Debug|Any CPU.Build.0 = Debug|Any CPU
		{4CD320A6-2384-479E-A700-06B3A950DCB6}.Debug|x64.ActiveCfg = Debug|Any CPU
		{4CD320A6-2384-479E-A700-06B3A950DCB6}.Debug|x64.Build.0 = Debug|Any CPU
		{4CD320A6-2384-479E-A700-06B3A950DCB6}.Debug|x86.ActiveCfg = Debug|Any CPU
		{4CD320A6-2384-479E-A700-06B3A950DCB6}.Debug|x86.Build.0 = Debug|Any CPU
		{4CD320A6-2384-479E-A700-06B3A950DCB6}.Release|Any CPU.ActiveCfg = Release|Any CPU
		{4CD320A6-2384-479E-A700-06B3A950DCB6}.Release|Any CPU.Build.0 = Release|Any CPU
		{4CD320A6-2384-479E-A700-06B3A950DCB6}.Release|x64.ActiveCfg = Release|Any CPU
		{4CD320A6-2384-479E-A700-06B3A950DCB6}.Release|x64.Build.0 = Release|Any CPU
		{4CD320A6-2384-479E-A700-06B3A950DCB6}.Release|x86.ActiveCfg = Release|Any CPU
		{4CD320A6-2384-479E-A700-06B3A950DCB6}.Release|x86.Build.0 = Release|Any CPU
		{4E9A6CA9-7589-4A6E-A031-D96A0119EE81}.Debug|Any CPU.ActiveCfg = Debug|Any CPU
		{4E9A6CA9-7589-4A6E-A031-D96A0119EE81}.Debug|Any CPU.Build.0 = Debug|Any CPU
		{4E9A6CA9-7589-4A6E-A031-D96A0119EE81}.Debug|x64.ActiveCfg = Debug|Any CPU
		{4E9A6CA9-7589-4A6E-A031-D96A0119EE81}.Debug|x64.Build.0 = Debug|Any CPU
		{4E9A6CA9-7589-4A6E-A031-D96A0119EE81}.Debug|x86.ActiveCfg = Debug|Any CPU
		{4E9A6CA9-7589-4A6E-A031-D96A0119EE81}.Debug|x86.Build.0 = Debug|Any CPU
		{4E9A6CA9-7589-4A6E-A031-D96A0119EE81}.Release|Any CPU.ActiveCfg = Release|Any CPU
		{4E9A6CA9-7589-4A6E-A031-D96A0119EE81}.Release|Any CPU.Build.0 = Release|Any CPU
		{4E9A6CA9-7589-4A6E-A031-D96A0119EE81}.Release|x64.ActiveCfg = Release|Any CPU
		{4E9A6CA9-7589-4A6E-A031-D96A0119EE81}.Release|x64.Build.0 = Release|Any CPU
		{4E9A6CA9-7589-4A6E-A031-D96A0119EE81}.Release|x86.ActiveCfg = Release|Any CPU
		{4E9A6CA9-7589-4A6E-A031-D96A0119EE81}.Release|x86.Build.0 = Release|Any CPU
		{0171A086-E5C3-4CD8-A937-7D45CD079648}.Debug|Any CPU.ActiveCfg = Debug|Any CPU
		{0171A086-E5C3-4CD8-A937-7D45CD079648}.Debug|Any CPU.Build.0 = Debug|Any CPU
		{0171A086-E5C3-4CD8-A937-7D45CD079648}.Debug|x64.ActiveCfg = Debug|Any CPU
		{0171A086-E5C3-4CD8-A937-7D45CD079648}.Debug|x64.Build.0 = Debug|Any CPU
		{0171A086-E5C3-4CD8-A937-7D45CD079648}.Debug|x86.ActiveCfg = Debug|Any CPU
		{0171A086-E5C3-4CD8-A937-7D45CD079648}.Debug|x86.Build.0 = Debug|Any CPU
		{0171A086-E5C3-4CD8-A937-7D45CD079648}.Release|Any CPU.ActiveCfg = Release|Any CPU
		{0171A086-E5C3-4CD8-A937-7D45CD079648}.Release|Any CPU.Build.0 = Release|Any CPU
		{0171A086-E5C3-4CD8-A937-7D45CD079648}.Release|x64.ActiveCfg = Release|Any CPU
		{0171A086-E5C3-4CD8-A937-7D45CD079648}.Release|x64.Build.0 = Release|Any CPU
		{0171A086-E5C3-4CD8-A937-7D45CD079648}.Release|x86.ActiveCfg = Release|Any CPU
		{0171A086-E5C3-4CD8-A937-7D45CD079648}.Release|x86.Build.0 = Release|Any CPU
		{7D2B846A-C014-472D-8155-E32C0DE5C88F}.Debug|Any CPU.ActiveCfg = Debug|Any CPU
		{7D2B846A-C014-472D-8155-E32C0DE5C88F}.Debug|Any CPU.Build.0 = Debug|Any CPU
		{7D2B846A-C014-472D-8155-E32C0DE5C88F}.Debug|x64.ActiveCfg = Debug|Any CPU
		{7D2B846A-C014-472D-8155-E32C0DE5C88F}.Debug|x64.Build.0 = Debug|Any CPU
		{7D2B846A-C014-472D-8155-E32C0DE5C88F}.Debug|x86.ActiveCfg = Debug|Any CPU
		{7D2B846A-C014-472D-8155-E32C0DE5C88F}.Debug|x86.Build.0 = Debug|Any CPU
		{7D2B846A-C014-472D-8155-E32C0DE5C88F}.Release|Any CPU.ActiveCfg = Release|Any CPU
		{7D2B846A-C014-472D-8155-E32C0DE5C88F}.Release|Any CPU.Build.0 = Release|Any CPU
		{7D2B846A-C014-472D-8155-E32C0DE5C88F}.Release|x64.ActiveCfg = Release|Any CPU
		{7D2B846A-C014-472D-8155-E32C0DE5C88F}.Release|x64.Build.0 = Release|Any CPU
		{7D2B846A-C014-472D-8155-E32C0DE5C88F}.Release|x86.ActiveCfg = Release|Any CPU
		{7D2B846A-C014-472D-8155-E32C0DE5C88F}.Release|x86.Build.0 = Release|Any CPU
		{5EBF0DBF-66AF-49E8-88F5-42A5E546479D}.Debug|Any CPU.ActiveCfg = Debug|Any CPU
		{5EBF0DBF-66AF-49E8-88F5-42A5E546479D}.Debug|Any CPU.Build.0 = Debug|Any CPU
		{5EBF0DBF-66AF-49E8-88F5-42A5E546479D}.Debug|x64.ActiveCfg = Debug|Any CPU
		{5EBF0DBF-66AF-49E8-88F5-42A5E546479D}.Debug|x64.Build.0 = Debug|Any CPU
		{5EBF0DBF-66AF-49E8-88F5-42A5E546479D}.Debug|x86.ActiveCfg = Debug|Any CPU
		{5EBF0DBF-66AF-49E8-88F5-42A5E546479D}.Debug|x86.Build.0 = Debug|Any CPU
		{5EBF0DBF-66AF-49E8-88F5-42A5E546479D}.Release|Any CPU.ActiveCfg = Release|Any CPU
		{5EBF0DBF-66AF-49E8-88F5-42A5E546479D}.Release|Any CPU.Build.0 = Release|Any CPU
		{5EBF0DBF-66AF-49E8-88F5-42A5E546479D}.Release|x64.ActiveCfg = Release|Any CPU
		{5EBF0DBF-66AF-49E8-88F5-42A5E546479D}.Release|x64.Build.0 = Release|Any CPU
		{5EBF0DBF-66AF-49E8-88F5-42A5E546479D}.Release|x86.ActiveCfg = Release|Any CPU
		{5EBF0DBF-66AF-49E8-88F5-42A5E546479D}.Release|x86.Build.0 = Release|Any CPU
		{2C5B2064-672E-4202-BFC4-EBF7E2D3A8EA}.Debug|Any CPU.ActiveCfg = Debug|Any CPU
		{2C5B2064-672E-4202-BFC4-EBF7E2D3A8EA}.Debug|Any CPU.Build.0 = Debug|Any CPU
		{2C5B2064-672E-4202-BFC4-EBF7E2D3A8EA}.Debug|x64.ActiveCfg = Debug|Any CPU
		{2C5B2064-672E-4202-BFC4-EBF7E2D3A8EA}.Debug|x64.Build.0 = Debug|Any CPU
		{2C5B2064-672E-4202-BFC4-EBF7E2D3A8EA}.Debug|x86.ActiveCfg = Debug|Any CPU
		{2C5B2064-672E-4202-BFC4-EBF7E2D3A8EA}.Debug|x86.Build.0 = Debug|Any CPU
		{2C5B2064-672E-4202-BFC4-EBF7E2D3A8EA}.Release|Any CPU.ActiveCfg = Release|Any CPU
		{2C5B2064-672E-4202-BFC4-EBF7E2D3A8EA}.Release|Any CPU.Build.0 = Release|Any CPU
		{2C5B2064-672E-4202-BFC4-EBF7E2D3A8EA}.Release|x64.ActiveCfg = Release|Any CPU
		{2C5B2064-672E-4202-BFC4-EBF7E2D3A8EA}.Release|x64.Build.0 = Release|Any CPU
		{2C5B2064-672E-4202-BFC4-EBF7E2D3A8EA}.Release|x86.ActiveCfg = Release|Any CPU
		{2C5B2064-672E-4202-BFC4-EBF7E2D3A8EA}.Release|x86.Build.0 = Release|Any CPU
		{D2342BE6-00E5-414C-937D-14B6B728C2AB}.Debug|Any CPU.ActiveCfg = Debug|Any CPU
		{D2342BE6-00E5-414C-937D-14B6B728C2AB}.Debug|Any CPU.Build.0 = Debug|Any CPU
		{D2342BE6-00E5-414C-937D-14B6B728C2AB}.Debug|x64.ActiveCfg = Debug|Any CPU
		{D2342BE6-00E5-414C-937D-14B6B728C2AB}.Debug|x64.Build.0 = Debug|Any CPU
		{D2342BE6-00E5-414C-937D-14B6B728C2AB}.Debug|x86.ActiveCfg = Debug|Any CPU
		{D2342BE6-00E5-414C-937D-14B6B728C2AB}.Debug|x86.Build.0 = Debug|Any CPU
		{D2342BE6-00E5-414C-937D-14B6B728C2AB}.Release|Any CPU.ActiveCfg = Release|Any CPU
		{D2342BE6-00E5-414C-937D-14B6B728C2AB}.Release|Any CPU.Build.0 = Release|Any CPU
		{D2342BE6-00E5-414C-937D-14B6B728C2AB}.Release|x64.ActiveCfg = Release|Any CPU
		{D2342BE6-00E5-414C-937D-14B6B728C2AB}.Release|x64.Build.0 = Release|Any CPU
		{D2342BE6-00E5-414C-937D-14B6B728C2AB}.Release|x86.ActiveCfg = Release|Any CPU
		{D2342BE6-00E5-414C-937D-14B6B728C2AB}.Release|x86.Build.0 = Release|Any CPU
		{A8366A93-FD7B-48E9-8873-C3472BF296B6}.Debug|Any CPU.ActiveCfg = Debug|Any CPU
		{A8366A93-FD7B-48E9-8873-C3472BF296B6}.Debug|Any CPU.Build.0 = Debug|Any CPU
		{A8366A93-FD7B-48E9-8873-C3472BF296B6}.Debug|x64.ActiveCfg = Debug|Any CPU
		{A8366A93-FD7B-48E9-8873-C3472BF296B6}.Debug|x64.Build.0 = Debug|Any CPU
		{A8366A93-FD7B-48E9-8873-C3472BF296B6}.Debug|x86.ActiveCfg = Debug|Any CPU
		{A8366A93-FD7B-48E9-8873-C3472BF296B6}.Debug|x86.Build.0 = Debug|Any CPU
		{A8366A93-FD7B-48E9-8873-C3472BF296B6}.Release|Any CPU.ActiveCfg = Release|Any CPU
		{A8366A93-FD7B-48E9-8873-C3472BF296B6}.Release|Any CPU.Build.0 = Release|Any CPU
		{A8366A93-FD7B-48E9-8873-C3472BF296B6}.Release|x64.ActiveCfg = Release|Any CPU
		{A8366A93-FD7B-48E9-8873-C3472BF296B6}.Release|x64.Build.0 = Release|Any CPU
		{A8366A93-FD7B-48E9-8873-C3472BF296B6}.Release|x86.ActiveCfg = Release|Any CPU
		{A8366A93-FD7B-48E9-8873-C3472BF296B6}.Release|x86.Build.0 = Release|Any CPU
		{07C81664-2856-4380-A58D-BC8A144FA10F}.Debug|Any CPU.ActiveCfg = Debug|Any CPU
		{07C81664-2856-4380-A58D-BC8A144FA10F}.Debug|Any CPU.Build.0 = Debug|Any CPU
		{07C81664-2856-4380-A58D-BC8A144FA10F}.Debug|x64.ActiveCfg = Debug|Any CPU
		{07C81664-2856-4380-A58D-BC8A144FA10F}.Debug|x64.Build.0 = Debug|Any CPU
		{07C81664-2856-4380-A58D-BC8A144FA10F}.Debug|x86.ActiveCfg = Debug|Any CPU
		{07C81664-2856-4380-A58D-BC8A144FA10F}.Debug|x86.Build.0 = Debug|Any CPU
		{07C81664-2856-4380-A58D-BC8A144FA10F}.Release|Any CPU.ActiveCfg = Release|Any CPU
		{07C81664-2856-4380-A58D-BC8A144FA10F}.Release|Any CPU.Build.0 = Release|Any CPU
		{07C81664-2856-4380-A58D-BC8A144FA10F}.Release|x64.ActiveCfg = Release|Any CPU
		{07C81664-2856-4380-A58D-BC8A144FA10F}.Release|x64.Build.0 = Release|Any CPU
		{07C81664-2856-4380-A58D-BC8A144FA10F}.Release|x86.ActiveCfg = Release|Any CPU
		{07C81664-2856-4380-A58D-BC8A144FA10F}.Release|x86.Build.0 = Release|Any CPU
		{028C08B5-C329-484A-9F77-A290A091E5C6}.Debug|Any CPU.ActiveCfg = Debug|Any CPU
		{028C08B5-C329-484A-9F77-A290A091E5C6}.Debug|Any CPU.Build.0 = Debug|Any CPU
		{028C08B5-C329-484A-9F77-A290A091E5C6}.Debug|x64.ActiveCfg = Debug|Any CPU
		{028C08B5-C329-484A-9F77-A290A091E5C6}.Debug|x64.Build.0 = Debug|Any CPU
		{028C08B5-C329-484A-9F77-A290A091E5C6}.Debug|x86.ActiveCfg = Debug|Any CPU
		{028C08B5-C329-484A-9F77-A290A091E5C6}.Debug|x86.Build.0 = Debug|Any CPU
		{028C08B5-C329-484A-9F77-A290A091E5C6}.Release|Any CPU.ActiveCfg = Release|Any CPU
		{028C08B5-C329-484A-9F77-A290A091E5C6}.Release|Any CPU.Build.0 = Release|Any CPU
		{028C08B5-C329-484A-9F77-A290A091E5C6}.Release|x64.ActiveCfg = Release|Any CPU
		{028C08B5-C329-484A-9F77-A290A091E5C6}.Release|x64.Build.0 = Release|Any CPU
		{028C08B5-C329-484A-9F77-A290A091E5C6}.Release|x86.ActiveCfg = Release|Any CPU
		{028C08B5-C329-484A-9F77-A290A091E5C6}.Release|x86.Build.0 = Release|Any CPU
		{9220766F-2318-4849-85A3-2FF2E0FA391E}.Debug|Any CPU.ActiveCfg = Debug|Any CPU
		{9220766F-2318-4849-85A3-2FF2E0FA391E}.Debug|Any CPU.Build.0 = Debug|Any CPU
		{9220766F-2318-4849-85A3-2FF2E0FA391E}.Debug|x64.ActiveCfg = Debug|Any CPU
		{9220766F-2318-4849-85A3-2FF2E0FA391E}.Debug|x64.Build.0 = Debug|Any CPU
		{9220766F-2318-4849-85A3-2FF2E0FA391E}.Debug|x86.ActiveCfg = Debug|Any CPU
		{9220766F-2318-4849-85A3-2FF2E0FA391E}.Debug|x86.Build.0 = Debug|Any CPU
		{9220766F-2318-4849-85A3-2FF2E0FA391E}.Release|Any CPU.ActiveCfg = Release|Any CPU
		{9220766F-2318-4849-85A3-2FF2E0FA391E}.Release|Any CPU.Build.0 = Release|Any CPU
		{9220766F-2318-4849-85A3-2FF2E0FA391E}.Release|x64.ActiveCfg = Release|Any CPU
		{9220766F-2318-4849-85A3-2FF2E0FA391E}.Release|x64.Build.0 = Release|Any CPU
		{9220766F-2318-4849-85A3-2FF2E0FA391E}.Release|x86.ActiveCfg = Release|Any CPU
		{9220766F-2318-4849-85A3-2FF2E0FA391E}.Release|x86.Build.0 = Release|Any CPU
		{8BFA4FBA-A0BC-476E-BE92-FFB8CBED98EE}.Debug|Any CPU.ActiveCfg = Debug|Any CPU
		{8BFA4FBA-A0BC-476E-BE92-FFB8CBED98EE}.Debug|Any CPU.Build.0 = Debug|Any CPU
		{8BFA4FBA-A0BC-476E-BE92-FFB8CBED98EE}.Debug|x64.ActiveCfg = Debug|Any CPU
		{8BFA4FBA-A0BC-476E-BE92-FFB8CBED98EE}.Debug|x64.Build.0 = Debug|Any CPU
		{8BFA4FBA-A0BC-476E-BE92-FFB8CBED98EE}.Debug|x86.ActiveCfg = Debug|Any CPU
		{8BFA4FBA-A0BC-476E-BE92-FFB8CBED98EE}.Debug|x86.Build.0 = Debug|Any CPU
		{8BFA4FBA-A0BC-476E-BE92-FFB8CBED98EE}.Release|Any CPU.ActiveCfg = Release|Any CPU
		{8BFA4FBA-A0BC-476E-BE92-FFB8CBED98EE}.Release|Any CPU.Build.0 = Release|Any CPU
		{8BFA4FBA-A0BC-476E-BE92-FFB8CBED98EE}.Release|x64.ActiveCfg = Release|Any CPU
		{8BFA4FBA-A0BC-476E-BE92-FFB8CBED98EE}.Release|x64.Build.0 = Release|Any CPU
		{8BFA4FBA-A0BC-476E-BE92-FFB8CBED98EE}.Release|x86.ActiveCfg = Release|Any CPU
		{8BFA4FBA-A0BC-476E-BE92-FFB8CBED98EE}.Release|x86.Build.0 = Release|Any CPU
		{05216FDD-8539-4425-9C73-627EF0AD209D}.Debug|Any CPU.ActiveCfg = Debug|Any CPU
		{05216FDD-8539-4425-9C73-627EF0AD209D}.Debug|Any CPU.Build.0 = Debug|Any CPU
		{05216FDD-8539-4425-9C73-627EF0AD209D}.Debug|x64.ActiveCfg = Debug|Any CPU
		{05216FDD-8539-4425-9C73-627EF0AD209D}.Debug|x64.Build.0 = Debug|Any CPU
		{05216FDD-8539-4425-9C73-627EF0AD209D}.Debug|x86.ActiveCfg = Debug|Any CPU
		{05216FDD-8539-4425-9C73-627EF0AD209D}.Debug|x86.Build.0 = Debug|Any CPU
		{05216FDD-8539-4425-9C73-627EF0AD209D}.Release|Any CPU.ActiveCfg = Release|Any CPU
		{05216FDD-8539-4425-9C73-627EF0AD209D}.Release|Any CPU.Build.0 = Release|Any CPU
		{05216FDD-8539-4425-9C73-627EF0AD209D}.Release|x64.ActiveCfg = Release|Any CPU
		{05216FDD-8539-4425-9C73-627EF0AD209D}.Release|x64.Build.0 = Release|Any CPU
		{05216FDD-8539-4425-9C73-627EF0AD209D}.Release|x86.ActiveCfg = Release|Any CPU
		{05216FDD-8539-4425-9C73-627EF0AD209D}.Release|x86.Build.0 = Release|Any CPU
		{CD90CC8D-0D82-4385-A3C3-BC6C1855AA41}.Debug|Any CPU.ActiveCfg = Debug|Any CPU
		{CD90CC8D-0D82-4385-A3C3-BC6C1855AA41}.Debug|Any CPU.Build.0 = Debug|Any CPU
		{CD90CC8D-0D82-4385-A3C3-BC6C1855AA41}.Debug|x64.ActiveCfg = Debug|Any CPU
		{CD90CC8D-0D82-4385-A3C3-BC6C1855AA41}.Debug|x64.Build.0 = Debug|Any CPU
		{CD90CC8D-0D82-4385-A3C3-BC6C1855AA41}.Debug|x86.ActiveCfg = Debug|Any CPU
		{CD90CC8D-0D82-4385-A3C3-BC6C1855AA41}.Debug|x86.Build.0 = Debug|Any CPU
		{CD90CC8D-0D82-4385-A3C3-BC6C1855AA41}.Release|Any CPU.ActiveCfg = Release|Any CPU
		{CD90CC8D-0D82-4385-A3C3-BC6C1855AA41}.Release|Any CPU.Build.0 = Release|Any CPU
		{CD90CC8D-0D82-4385-A3C3-BC6C1855AA41}.Release|x64.ActiveCfg = Release|Any CPU
		{CD90CC8D-0D82-4385-A3C3-BC6C1855AA41}.Release|x64.Build.0 = Release|Any CPU
		{CD90CC8D-0D82-4385-A3C3-BC6C1855AA41}.Release|x86.ActiveCfg = Release|Any CPU
		{CD90CC8D-0D82-4385-A3C3-BC6C1855AA41}.Release|x86.Build.0 = Release|Any CPU
		{BDB32AB1-4827-4DD2-AE1D-07518E469BA3}.Debug|Any CPU.ActiveCfg = Debug|Any CPU
		{BDB32AB1-4827-4DD2-AE1D-07518E469BA3}.Debug|Any CPU.Build.0 = Debug|Any CPU
		{BDB32AB1-4827-4DD2-AE1D-07518E469BA3}.Debug|x64.ActiveCfg = Debug|Any CPU
		{BDB32AB1-4827-4DD2-AE1D-07518E469BA3}.Debug|x64.Build.0 = Debug|Any CPU
		{BDB32AB1-4827-4DD2-AE1D-07518E469BA3}.Debug|x86.ActiveCfg = Debug|Any CPU
		{BDB32AB1-4827-4DD2-AE1D-07518E469BA3}.Debug|x86.Build.0 = Debug|Any CPU
		{BDB32AB1-4827-4DD2-AE1D-07518E469BA3}.Release|Any CPU.ActiveCfg = Release|Any CPU
		{BDB32AB1-4827-4DD2-AE1D-07518E469BA3}.Release|Any CPU.Build.0 = Release|Any CPU
		{BDB32AB1-4827-4DD2-AE1D-07518E469BA3}.Release|x64.ActiveCfg = Release|Any CPU
		{BDB32AB1-4827-4DD2-AE1D-07518E469BA3}.Release|x64.Build.0 = Release|Any CPU
		{BDB32AB1-4827-4DD2-AE1D-07518E469BA3}.Release|x86.ActiveCfg = Release|Any CPU
		{BDB32AB1-4827-4DD2-AE1D-07518E469BA3}.Release|x86.Build.0 = Release|Any CPU
		{2628479C-98A3-4ED2-8D67-703BF5821D30}.Debug|Any CPU.ActiveCfg = Debug|Win32
		{2628479C-98A3-4ED2-8D67-703BF5821D30}.Debug|x64.ActiveCfg = Debug|x64
		{2628479C-98A3-4ED2-8D67-703BF5821D30}.Debug|x64.Build.0 = Debug|x64
		{2628479C-98A3-4ED2-8D67-703BF5821D30}.Debug|x86.ActiveCfg = Debug|Win32
		{2628479C-98A3-4ED2-8D67-703BF5821D30}.Debug|x86.Build.0 = Debug|Win32
		{2628479C-98A3-4ED2-8D67-703BF5821D30}.Release|Any CPU.ActiveCfg = Release|Win32
		{2628479C-98A3-4ED2-8D67-703BF5821D30}.Release|x64.ActiveCfg = Release|x64
		{2628479C-98A3-4ED2-8D67-703BF5821D30}.Release|x64.Build.0 = Release|x64
		{2628479C-98A3-4ED2-8D67-703BF5821D30}.Release|x86.ActiveCfg = Release|Win32
		{2628479C-98A3-4ED2-8D67-703BF5821D30}.Release|x86.Build.0 = Release|Win32
	EndGlobalSection
	GlobalSection(SolutionProperties) = preSolution
		HideSolutionNode = FALSE
	EndGlobalSection
	GlobalSection(NestedProjects) = preSolution
		{0B3CD646-CBC9-4417-99AC-50C2E1BAE893} = {D3B7B077-934C-4005-979D-5380588CC6AF}
		{CE5A65DB-6F12-477B-BB9E-2A082C3C97C2} = {D3B7B077-934C-4005-979D-5380588CC6AF}
		{2AEDF58F-5BF6-4FFA-8772-F36958F2E682} = {D3B7B077-934C-4005-979D-5380588CC6AF}
		{EA67EF67-F7C3-4A0A-A1DF-BCDCF6B86A7E} = {D3B7B077-934C-4005-979D-5380588CC6AF}
		{809D327A-D564-446C-A17C-B1F53F1B6584} = {D3B7B077-934C-4005-979D-5380588CC6AF}
		{E0D67E9E-5B5A-4F03-B76A-75BCB36644F6} = {D3B7B077-934C-4005-979D-5380588CC6AF}
		{EF8CF672-1DCD-4914-BD29-C681F3A0D605} = {D3B7B077-934C-4005-979D-5380588CC6AF}
		{4CD320A6-2384-479E-A700-06B3A950DCB6} = {D3B7B077-934C-4005-979D-5380588CC6AF}
		{4E9A6CA9-7589-4A6E-A031-D96A0119EE81} = {D3B7B077-934C-4005-979D-5380588CC6AF}
		{0171A086-E5C3-4CD8-A937-7D45CD079648} = {D3B7B077-934C-4005-979D-5380588CC6AF}
		{7D2B846A-C014-472D-8155-E32C0DE5C88F} = {D3B7B077-934C-4005-979D-5380588CC6AF}
		{5EBF0DBF-66AF-49E8-88F5-42A5E546479D} = {D3B7B077-934C-4005-979D-5380588CC6AF}
		{2C5B2064-672E-4202-BFC4-EBF7E2D3A8EA} = {D3B7B077-934C-4005-979D-5380588CC6AF}
		{D2342BE6-00E5-414C-937D-14B6B728C2AB} = {D3B7B077-934C-4005-979D-5380588CC6AF}
		{A8366A93-FD7B-48E9-8873-C3472BF296B6} = {D3B7B077-934C-4005-979D-5380588CC6AF}
		{07C81664-2856-4380-A58D-BC8A144FA10F} = {D3B7B077-934C-4005-979D-5380588CC6AF}
		{028C08B5-C329-484A-9F77-A290A091E5C6} = {D3B7B077-934C-4005-979D-5380588CC6AF}
		{9220766F-2318-4849-85A3-2FF2E0FA391E} = {D3B7B077-934C-4005-979D-5380588CC6AF}
		{8BFA4FBA-A0BC-476E-BE92-FFB8CBED98EE} = {D3B7B077-934C-4005-979D-5380588CC6AF}
		{05216FDD-8539-4425-9C73-627EF0AD209D} = {D3B7B077-934C-4005-979D-5380588CC6AF}
		{CD90CC8D-0D82-4385-A3C3-BC6C1855AA41} = {D3B7B077-934C-4005-979D-5380588CC6AF}
		{BDB32AB1-4827-4DD2-AE1D-07518E469BA3} = {D3B7B077-934C-4005-979D-5380588CC6AF}
		{2628479C-98A3-4ED2-8D67-703BF5821D30} = {D3B7B077-934C-4005-979D-5380588CC6AF}
	EndGlobalSection
EndGlobal
